{
  "name": "v5",
  "version": "1.0.0",
  "lockfileVersion": 2,
  "requires": true,
  "packages": {
    "": {
      "name": "v5",
      "version": "1.0.0",
      "license": "ISC",
      "devDependencies": {
        "algoliasearch": "5.0.0-alpha.10"
      }
    },
    "node_modules/@algolia/client-abtesting": {
      "version": "5.0.0-alpha.10",
      "resolved": "https://registry.npmjs.org/@algolia/client-abtesting/-/client-abtesting-5.0.0-alpha.10.tgz",
      "integrity": "sha512-p/dtq264mB1AnLAMfSpshfZs7hnUSRcIsK16inMYaZYBaY867Pk7nkShXNck10R95DF5P9bgNjPjd6dnRBnj8w==",
      "dev": true,
      "dependencies": {
        "@algolia/client-common": "5.0.0-alpha.10",
        "@algolia/requester-browser-xhr": "5.0.0-alpha.10",
        "@algolia/requester-node-http": "5.0.0-alpha.10"
      },
      "engines": {
        "node": ">= 14.0.0"
      }
    },
    "node_modules/@algolia/client-analytics": {
      "version": "5.0.0-alpha.10",
      "resolved": "https://registry.npmjs.org/@algolia/client-analytics/-/client-analytics-5.0.0-alpha.10.tgz",
      "integrity": "sha512-U13+oEf9wezbhqHUVl9PYaMpRYBQjS1hUGKj/ayQuqxE9OQSOpst1Nu3GSSH3ka/Lr9f6XHrEKc/eCCH1uJabA==",
      "dev": true,
      "dependencies": {
        "@algolia/client-common": "5.0.0-alpha.10",
        "@algolia/requester-browser-xhr": "5.0.0-alpha.10",
        "@algolia/requester-node-http": "5.0.0-alpha.10"
      },
      "engines": {
        "node": ">= 14.0.0"
      }
    },
    "node_modules/@algolia/client-common": {
      "version": "5.0.0-alpha.10",
      "resolved": "https://registry.npmjs.org/@algolia/client-common/-/client-common-5.0.0-alpha.10.tgz",
      "integrity": "sha512-yjPMfJCumpsf6M1b8WCJPsEi4PrhB2kQFcj2RSrk4/Nu8IE4E+/QLRqqkhNW/UdCjTtE3mVED7G2KLFvMDNGPw==",
      "dev": true,
      "engines": {
        "node": ">= 14.0.0"
      }
    },
    "node_modules/@algolia/client-personalization": {
      "version": "5.0.0-alpha.10",
      "resolved": "https://registry.npmjs.org/@algolia/client-personalization/-/client-personalization-5.0.0-alpha.10.tgz",
      "integrity": "sha512-P6fsAWtpjbETMd93Pg1R6gPSytEYAHk00zo7E9HdFXw4SpjrFCtLeHo/vsxYEj8pdk2e6quugCyCG1YedNL1rw==",
      "dev": true,
      "dependencies": {
        "@algolia/client-common": "5.0.0-alpha.10",
        "@algolia/requester-browser-xhr": "5.0.0-alpha.10",
        "@algolia/requester-node-http": "5.0.0-alpha.10"
      },
      "engines": {
        "node": ">= 14.0.0"
      }
    },
    "node_modules/@algolia/client-search": {
      "version": "5.0.0-alpha.10",
      "resolved": "https://registry.npmjs.org/@algolia/client-search/-/client-search-5.0.0-alpha.10.tgz",
      "integrity": "sha512-3RLU2ETBZJZJMmHLjhF5aKYCd7mX7Cne5niv1YT1tUT/LTbhkPe4UIkI/2XjkaMp1f6tBc7yEMvC9TaSaZ9eQg==",
      "dev": true,
      "dependencies": {
        "@algolia/client-common": "5.0.0-alpha.10",
        "@algolia/requester-browser-xhr": "5.0.0-alpha.10",
        "@algolia/requester-node-http": "5.0.0-alpha.10"
      },
      "engines": {
        "node": ">= 14.0.0"
      }
    },
    "node_modules/@algolia/requester-browser-xhr": {
      "version": "5.0.0-alpha.10",
      "resolved": "https://registry.npmjs.org/@algolia/requester-browser-xhr/-/requester-browser-xhr-5.0.0-alpha.10.tgz",
      "integrity": "sha512-MrjatkYapTCcfnSWvZCEDXtpgAh9bs4feIgPgxOA9ZdxRCEiCEZdTm9YofycrDeeObkkyhVZmfVO1LVoRsqdcA==",
      "dev": true,
      "dependencies": {
        "@algolia/client-common": "5.0.0-alpha.10"
      },
      "engines": {
        "node": ">= 14.0.0"
      }
    },
    "node_modules/@algolia/requester-node-http": {
      "version": "5.0.0-alpha.10",
      "resolved": "https://registry.npmjs.org/@algolia/requester-node-http/-/requester-node-http-5.0.0-alpha.10.tgz",
      "integrity": "sha512-YS686x3Oyw/9M7XJrYHD6iOZgIxfQiDchD9IDKsXbR8DPcNoYJjFB4sEkwotf0x7od8gaBciJIdmvEHQGF0nJw==",
      "dev": true,
      "dependencies": {
        "@algolia/client-common": "5.0.0-alpha.10"
      },
      "engines": {
        "node": ">= 14.0.0"
      }
    },
    "node_modules/algoliasearch": {
      "version": "5.0.0-alpha.10",
      "resolved": "https://registry.npmjs.org/algoliasearch/-/algoliasearch-5.0.0-alpha.10.tgz",
      "integrity": "sha512-WrTYj91xiPBhWCahvG5ecK8CqJ4mW8s+gY+/NVsYgm05/cd8SMPaJIAvqoCwmppyebMBBjz75YPKyBrFUTBOww==",
      "dev": true,
      "dependencies": {
        "@algolia/client-abtesting": "5.0.0-alpha.10",
        "@algolia/client-analytics": "5.0.0-alpha.10",
        "@algolia/client-common": "5.0.0-alpha.10",
        "@algolia/client-personalization": "5.0.0-alpha.10",
        "@algolia/client-search": "5.0.0-alpha.10",
        "@algolia/requester-browser-xhr": "5.0.0-alpha.10",
        "@algolia/requester-node-http": "5.0.0-alpha.10"
      },
      "engines": {
        "node": ">= 14.0.0"
      }
    }
  },
  "dependencies": {
    "@algolia/client-abtesting": {
      "version": "5.0.0-alpha.10",
      "resolved": "https://registry.npmjs.org/@algolia/client-abtesting/-/client-abtesting-5.0.0-alpha.10.tgz",
      "integrity": "sha512-p/dtq264mB1AnLAMfSpshfZs7hnUSRcIsK16inMYaZYBaY867Pk7nkShXNck10R95DF5P9bgNjPjd6dnRBnj8w==",
      "dev": true,
      "requires": {
        "@algolia/client-common": "5.0.0-alpha.10",
        "@algolia/requester-browser-xhr": "5.0.0-alpha.10",
        "@algolia/requester-node-http": "5.0.0-alpha.10"
      }
    },
    "@algolia/client-analytics": {
      "version": "5.0.0-alpha.10",
      "resolved": "https://registry.npmjs.org/@algolia/client-analytics/-/client-analytics-5.0.0-alpha.10.tgz",
      "integrity": "sha512-U13+oEf9wezbhqHUVl9PYaMpRYBQjS1hUGKj/ayQuqxE9OQSOpst1Nu3GSSH3ka/Lr9f6XHrEKc/eCCH1uJabA==",
      "dev": true,
      "requires": {
        "@algolia/client-common": "5.0.0-alpha.10",
        "@algolia/requester-browser-xhr": "5.0.0-alpha.10",
        "@algolia/requester-node-http": "5.0.0-alpha.10"
      }
    },
    "@algolia/client-common": {
      "version": "5.0.0-alpha.10",
      "resolved": "https://registry.npmjs.org/@algolia/client-common/-/client-common-5.0.0-alpha.10.tgz",
      "integrity": "sha512-yjPMfJCumpsf6M1b8WCJPsEi4PrhB2kQFcj2RSrk4/Nu8IE4E+/QLRqqkhNW/UdCjTtE3mVED7G2KLFvMDNGPw==",
      "dev": true
    },
    "@algolia/client-personalization": {
      "version": "5.0.0-alpha.10",
      "resolved": "https://registry.npmjs.org/@algolia/client-personalization/-/client-personalization-5.0.0-alpha.10.tgz",
      "integrity": "sha512-P6fsAWtpjbETMd93Pg1R6gPSytEYAHk00zo7E9HdFXw4SpjrFCtLeHo/vsxYEj8pdk2e6quugCyCG1YedNL1rw==",
      "dev": true,
      "requires": {
        "@algolia/client-common": "5.0.0-alpha.10",
        "@algolia/requester-browser-xhr": "5.0.0-alpha.10",
        "@algolia/requester-node-http": "5.0.0-alpha.10"
      }
    },
    "@algolia/client-search": {
      "version": "5.0.0-alpha.10",
      "resolved": "https://registry.npmjs.org/@algolia/client-search/-/client-search-5.0.0-alpha.10.tgz",
      "integrity": "sha512-3RLU2ETBZJZJMmHLjhF5aKYCd7mX7Cne5niv1YT1tUT/LTbhkPe4UIkI/2XjkaMp1f6tBc7yEMvC9TaSaZ9eQg==",
      "dev": true,
      "requires": {
        "@algolia/client-common": "5.0.0-alpha.10",
        "@algolia/requester-browser-xhr": "5.0.0-alpha.10",
        "@algolia/requester-node-http": "5.0.0-alpha.10"
      }
    },
    "@algolia/requester-browser-xhr": {
      "version": "5.0.0-alpha.10",
      "resolved": "https://registry.npmjs.org/@algolia/requester-browser-xhr/-/requester-browser-xhr-5.0.0-alpha.10.tgz",
      "integrity": "sha512-MrjatkYapTCcfnSWvZCEDXtpgAh9bs4feIgPgxOA9ZdxRCEiCEZdTm9YofycrDeeObkkyhVZmfVO1LVoRsqdcA==",
      "dev": true,
      "requires": {
        "@algolia/client-common": "5.0.0-alpha.10"
      }
    },
    "@algolia/requester-node-http": {
      "version": "5.0.0-alpha.10",
      "resolved": "https://registry.npmjs.org/@algolia/requester-node-http/-/requester-node-http-5.0.0-alpha.10.tgz",
      "integrity": "sha512-YS686x3Oyw/9M7XJrYHD6iOZgIxfQiDchD9IDKsXbR8DPcNoYJjFB4sEkwotf0x7od8gaBciJIdmvEHQGF0nJw==",
      "dev": true,
      "requires": {
        "@algolia/client-common": "5.0.0-alpha.10"
      }
    },
    "algoliasearch": {
      "version": "5.0.0-alpha.10",
      "resolved": "https://registry.npmjs.org/algoliasearch/-/algoliasearch-5.0.0-alpha.10.tgz",
      "integrity": "sha512-WrTYj91xiPBhWCahvG5ecK8CqJ4mW8s+gY+/NVsYgm05/cd8SMPaJIAvqoCwmppyebMBBjz75YPKyBrFUTBOww==",
      "dev": true,
      "requires": {
        "@algolia/client-abtesting": "5.0.0-alpha.10",
        "@algolia/client-analytics": "5.0.0-alpha.10",
        "@algolia/client-common": "5.0.0-alpha.10",
        "@algolia/client-personalization": "5.0.0-alpha.10",
        "@algolia/client-search": "5.0.0-alpha.10",
        "@algolia/requester-browser-xhr": "5.0.0-alpha.10",
        "@algolia/requester-node-http": "5.0.0-alpha.10"
      }
    }
  }
}
