
Microsoft Visual Studio Solution File, Format Version 12.00
Project("{FAE04EC0-301F-11D3-BF4B-00C04F79EFBC}") = "Algolia", "Algolia\Algolia.csproj", "{C3F414F4-84DD-4E56-A1E7-34086763F07D}"
EndProject
Project("{FAE04EC0-301F-11D3-BF4B-00C04F79EFBC}") = "Algolia.Search", "..\..\clients\algoliasearch-client-csharp\algoliasearch\Algolia.Search.csproj", "{2485A285-E565-4407-95E1-0F216142AAA8}"
EndProject
Global
	GlobalSection(SolutionConfigurationPlatforms) = preSolution
		Debug|Any CPU = Debug|Any CPU
		Release|Any CPU = Release|Any CPU
	EndGlobalSection
	GlobalSection(ProjectConfigurationPlatforms) = postSolution
		{C3F414F4-84DD-4E56-A1E7-34086763F07D}.Debug|Any CPU.ActiveCfg = Debug|Any CPU
		{C3F414F4-84DD-4E56-A1E7-34086763F07D}.Debug|Any CPU.Build.0 = Debug|Any CPU
		{C3F414F4-84DD-4E56-A1E7-34086763F07D}.Release|Any CPU.ActiveCfg = Release|Any CPU
		{C3F414F4-84DD-4E56-A1E7-34086763F07D}.Release|Any CPU.Build.0 = Release|Any CPU
		{2485A285-E565-4407-95E1-0F216142AAA8}.Debug|Any CPU.ActiveCfg = Debug|Any CPU
		{2485A285-E565-4407-95E1-0F216142AAA8}.Debug|Any CPU.Build.0 = Debug|Any CPU
		{2485A285-E565-4407-95E1-0F216142AAA8}.Release|Any CPU.ActiveCfg = Release|Any CPU
		{2485A285-E565-4407-95E1-0F216142AAA8}.Release|Any CPU.Build.0 = Release|Any CPU
	EndGlobalSection
EndGlobal
