
Microsoft Visual Studio Solution File, Format Version 12.00
Project("{FAE04EC0-301F-11D3-BF4B-00C04F79EFBC}") = "Playground", "Playground\Playground.csproj", "{C3F414F4-84DD-4E56-A1E7-34086763F07D}"
EndProject
Project("{FAE04EC0-301F-11D3-BF4B-00C04F79EFBC}") = "Algolia.Search", "..\..\clients\algoliasearch-client-csharp\algoliasearch\Algolia.Search.csproj", "{2485A285-E565-4407-95E1-0F216142AAA8}"
EndProject
Project("{FAE04EC0-301F-11D3-BF4B-00C04F79EFBC}") = "Algolia.Search.Tests", "..\..\tests\output\csharp\src\Algolia.Search.Tests.csproj", "{5F6F1865-31E1-4984-B575-430A42217820}"
EndProject
Project("{FAE04EC0-301F-11D3-BF4B-00C04F79EFBC}") = "Performaces", "Performaces\Performaces.csproj", "{5E5DD034-6BC2-46FB-B9EF-7C18C3C214EF}"
EndProject
Project("{FAE04EC0-301F-11D3-BF4B-00C04F79EFBC}") = "PerformanceLegacy", "PerformanceLegacy\PerformanceLegacy.csproj", "{67814440-28A1-4344-873A-2E1F6F2FAAAC}"
EndProject
Project("{FAE04EC0-301F-11D3-BF4B-00C04F79EFBC}") = "Algolia.Search", "..\..\..\..\RiderProjects\algoliasearch-client-csharp\src\Algolia.Search\Algolia.Search.csproj", "{FA9B6991-346D-4C75-A63C-01CD6B207A47}"
EndProject
Global
	GlobalSection(SolutionConfigurationPlatforms) = preSolution
		Debug|Any CPU = Debug|Any CPU
		Release|Any CPU = Release|Any CPU
	EndGlobalSection
	GlobalSection(ProjectConfigurationPlatforms) = postSolution
		{C3F414F4-84DD-4E56-A1E7-34086763F07D}.Debug|Any CPU.ActiveCfg = Debug|Any CPU
		{C3F414F4-84DD-4E56-A1E7-34086763F07D}.Debug|Any CPU.Build.0 = Debug|Any CPU
		{C3F414F4-84DD-4E56-A1E7-34086763F07D}.Release|Any CPU.ActiveCfg = Release|Any CPU
		{C3F414F4-84DD-4E56-A1E7-34086763F07D}.Release|Any CPU.Build.0 = Release|Any CPU
		{2485A285-E565-4407-95E1-0F216142AAA8}.Debug|Any CPU.ActiveCfg = Debug|Any CPU
		{2485A285-E565-4407-95E1-0F216142AAA8}.Debug|Any CPU.Build.0 = Debug|Any CPU
		{2485A285-E565-4407-95E1-0F216142AAA8}.Release|Any CPU.ActiveCfg = Release|Any CPU
		{2485A285-E565-4407-95E1-0F216142AAA8}.Release|Any CPU.Build.0 = Release|Any CPU
		{5F6F1865-31E1-4984-B575-430A42217820}.Debug|Any CPU.ActiveCfg = Debug|Any CPU
		{5F6F1865-31E1-4984-B575-430A42217820}.Debug|Any CPU.Build.0 = Debug|Any CPU
		{5F6F1865-31E1-4984-B575-430A42217820}.Release|Any CPU.ActiveCfg = Release|Any CPU
		{5F6F1865-31E1-4984-B575-430A42217820}.Release|Any CPU.Build.0 = Release|Any CPU
		{5E5DD034-6BC2-46FB-B9EF-7C18C3C214EF}.Debug|Any CPU.ActiveCfg = Debug|Any CPU
		{5E5DD034-6BC2-46FB-B9EF-7C18C3C214EF}.Debug|Any CPU.Build.0 = Debug|Any CPU
		{5E5DD034-6BC2-46FB-B9EF-7C18C3C214EF}.Release|Any CPU.ActiveCfg = Release|Any CPU
		{5E5DD034-6BC2-46FB-B9EF-7C18C3C214EF}.Release|Any CPU.Build.0 = Release|Any CPU
		{67814440-28A1-4344-873A-2E1F6F2FAAAC}.Debug|Any CPU.ActiveCfg = Debug|Any CPU
		{67814440-28A1-4344-873A-2E1F6F2FAAAC}.Debug|Any CPU.Build.0 = Debug|Any CPU
		{67814440-28A1-4344-873A-2E1F6F2FAAAC}.Release|Any CPU.ActiveCfg = Release|Any CPU
		{67814440-28A1-4344-873A-2E1F6F2FAAAC}.Release|Any CPU.Build.0 = Release|Any CPU
		{FA9B6991-346D-4C75-A63C-01CD6B207A47}.Debug|Any CPU.ActiveCfg = Debug|Any CPU
		{FA9B6991-346D-4C75-A63C-01CD6B207A47}.Debug|Any CPU.Build.0 = Debug|Any CPU
		{FA9B6991-346D-4C75-A63C-01CD6B207A47}.Release|Any CPU.ActiveCfg = Release|Any CPU
		{FA9B6991-346D-4C75-A63C-01CD6B207A47}.Release|Any CPU.Build.0 = Release|Any CPU
	EndGlobalSection
EndGlobal
