# This file is generated by running "yarn install" inside your project.
# Manual changes might be lost - proceed with caution!

__metadata:
  version: 8
  cacheKey: 10

"@algolia/composition@link:../../../clients/algoliasearch-client-javascript/packages/composition::locator=javascript-tests%40workspace%3A.":
  version: 0.0.0-use.local
  resolution: "@algolia/composition@link:../../../clients/algoliasearch-client-javascript/packages/composition::locator=javascript-tests%40workspace%3A."
  languageName: node
  linkType: soft

"@algolia/requester-testing@link:../../../clients/algoliasearch-client-javascript/packages/requester-testing::locator=javascript-tests%40workspace%3A.":
  version: 0.0.0-use.local
  resolution: "@algolia/requester-testing@link:../../../clients/algoliasearch-client-javascript/packages/requester-testing::locator=javascript-tests%40workspace%3A."
  languageName: node
  linkType: soft

"@esbuild/aix-ppc64@npm:0.25.12":
  version: 0.25.12
  resolution: "@esbuild/aix-ppc64@npm:0.25.12"
  conditions: os=aix & cpu=ppc64
  languageName: node
  linkType: hard

"@esbuild/android-arm64@npm:0.25.12":
  version: 0.25.12
  resolution: "@esbuild/android-arm64@npm:0.25.12"
  conditions: os=android & cpu=arm64
  languageName: node
  linkType: hard

"@esbuild/android-arm@npm:0.25.12":
  version: 0.25.12
  resolution: "@esbuild/android-arm@npm:0.25.12"
  conditions: os=android & cpu=arm
  languageName: node
  linkType: hard

"@esbuild/android-x64@npm:0.25.12":
  version: 0.25.12
  resolution: "@esbuild/android-x64@npm:0.25.12"
  conditions: os=android & cpu=x64
  languageName: node
  linkType: hard

"@esbuild/darwin-arm64@npm:0.25.12":
  version: 0.25.12
  resolution: "@esbuild/darwin-arm64@npm:0.25.12"
  conditions: os=darwin & cpu=arm64
  languageName: node
  linkType: hard

"@esbuild/darwin-x64@npm:0.25.12":
  version: 0.25.12
  resolution: "@esbuild/darwin-x64@npm:0.25.12"
  conditions: os=darwin & cpu=x64
  languageName: node
  linkType: hard

"@esbuild/freebsd-arm64@npm:0.25.12":
  version: 0.25.12
  resolution: "@esbuild/freebsd-arm64@npm:0.25.12"
  conditions: os=freebsd & cpu=arm64
  languageName: node
  linkType: hard

"@esbuild/freebsd-x64@npm:0.25.12":
  version: 0.25.12
  resolution: "@esbuild/freebsd-x64@npm:0.25.12"
  conditions: os=freebsd & cpu=x64
  languageName: node
  linkType: hard

"@esbuild/linux-arm64@npm:0.25.12":
  version: 0.25.12
  resolution: "@esbuild/linux-arm64@npm:0.25.12"
  conditions: os=linux & cpu=arm64
  languageName: node
  linkType: hard

"@esbuild/linux-arm@npm:0.25.12":
  version: 0.25.12
  resolution: "@esbuild/linux-arm@npm:0.25.12"
  conditions: os=linux & cpu=arm
  languageName: node
  linkType: hard

"@esbuild/linux-ia32@npm:0.25.12":
  version: 0.25.12
  resolution: "@esbuild/linux-ia32@npm:0.25.12"
  conditions: os=linux & cpu=ia32
  languageName: node
  linkType: hard

"@esbuild/linux-loong64@npm:0.25.12":
  version: 0.25.12
  resolution: "@esbuild/linux-loong64@npm:0.25.12"
  conditions: os=linux & cpu=loong64
  languageName: node
  linkType: hard

"@esbuild/linux-mips64el@npm:0.25.12":
  version: 0.25.12
  resolution: "@esbuild/linux-mips64el@npm:0.25.12"
  conditions: os=linux & cpu=mips64el
  languageName: node
  linkType: hard

"@esbuild/linux-ppc64@npm:0.25.12":
  version: 0.25.12
  resolution: "@esbuild/linux-ppc64@npm:0.25.12"
  conditions: os=linux & cpu=ppc64
  languageName: node
  linkType: hard

"@esbuild/linux-riscv64@npm:0.25.12":
  version: 0.25.12
  resolution: "@esbuild/linux-riscv64@npm:0.25.12"
  conditions: os=linux & cpu=riscv64
  languageName: node
  linkType: hard

"@esbuild/linux-s390x@npm:0.25.12":
  version: 0.25.12
  resolution: "@esbuild/linux-s390x@npm:0.25.12"
  conditions: os=linux & cpu=s390x
  languageName: node
  linkType: hard

"@esbuild/linux-x64@npm:0.25.12":
  version: 0.25.12
  resolution: "@esbuild/linux-x64@npm:0.25.12"
  conditions: os=linux & cpu=x64
  languageName: node
  linkType: hard

"@esbuild/netbsd-arm64@npm:0.25.12":
  version: 0.25.12
  resolution: "@esbuild/netbsd-arm64@npm:0.25.12"
  conditions: os=netbsd & cpu=arm64
  languageName: node
  linkType: hard

"@esbuild/netbsd-x64@npm:0.25.12":
  version: 0.25.12
  resolution: "@esbuild/netbsd-x64@npm:0.25.12"
  conditions: os=netbsd & cpu=x64
  languageName: node
  linkType: hard

"@esbuild/openbsd-arm64@npm:0.25.12":
  version: 0.25.12
  resolution: "@esbuild/openbsd-arm64@npm:0.25.12"
  conditions: os=openbsd & cpu=arm64
  languageName: node
  linkType: hard

"@esbuild/openbsd-x64@npm:0.25.12":
  version: 0.25.12
  resolution: "@esbuild/openbsd-x64@npm:0.25.12"
  conditions: os=openbsd & cpu=x64
  languageName: node
  linkType: hard

"@esbuild/openharmony-arm64@npm:0.25.12":
  version: 0.25.12
  resolution: "@esbuild/openharmony-arm64@npm:0.25.12"
  conditions: os=openharmony & cpu=arm64
  languageName: node
  linkType: hard

"@esbuild/sunos-x64@npm:0.25.12":
  version: 0.25.12
  resolution: "@esbuild/sunos-x64@npm:0.25.12"
  conditions: os=sunos & cpu=x64
  languageName: node
  linkType: hard

"@esbuild/win32-arm64@npm:0.25.12":
  version: 0.25.12
  resolution: "@esbuild/win32-arm64@npm:0.25.12"
  conditions: os=win32 & cpu=arm64
  languageName: node
  linkType: hard

"@esbuild/win32-ia32@npm:0.25.12":
  version: 0.25.12
  resolution: "@esbuild/win32-ia32@npm:0.25.12"
  conditions: os=win32 & cpu=ia32
  languageName: node
  linkType: hard

"@esbuild/win32-x64@npm:0.25.12":
  version: 0.25.12
  resolution: "@esbuild/win32-x64@npm:0.25.12"
  conditions: os=win32 & cpu=x64
  languageName: node
  linkType: hard

"@isaacs/balanced-match@npm:^4.0.1":
  version: 4.0.1
  resolution: "@isaacs/balanced-match@npm:4.0.1"
  checksum: 10/102fbc6d2c0d5edf8f6dbf2b3feb21695a21bc850f11bc47c4f06aa83bd8884fde3fe9d6d797d619901d96865fdcb4569ac2a54c937992c48885c5e3d9967fe8
  languageName: node
  linkType: hard

"@isaacs/brace-expansion@npm:^5.0.0":
  version: 5.0.1
  resolution: "@isaacs/brace-expansion@npm:5.0.1"
  dependencies:
    "@isaacs/balanced-match": "npm:^4.0.1"
  checksum: 10/aec226065bc4285436a27379e08cc35bf94ef59f5098ac1c026495c9ba4ab33d851964082d3648d56d63eb90f2642867bd15a3e1b810b98beb1a8c14efce6a94
  languageName: node
  linkType: hard

"@isaacs/fs-minipass@npm:^4.0.0":
  version: 4.0.1
  resolution: "@isaacs/fs-minipass@npm:4.0.1"
  dependencies:
    minipass: "npm:^7.0.4"
  checksum: 10/4412e9e6713c89c1e66d80bb0bb5a2a93192f10477623a27d08f228ba0316bb880affabc5bfe7f838f58a34d26c2c190da726e576cdfc18c49a72e89adabdcf5
  languageName: node
  linkType: hard

"@jridgewell/sourcemap-codec@npm:^1.5.5":
  version: 1.5.5
  resolution: "@jridgewell/sourcemap-codec@npm:1.5.5"
  checksum: 10/5d9d207b462c11e322d71911e55e21a4e2772f71ffe8d6f1221b8eb5ae6774458c1d242f897fb0814e8714ca9a6b498abfa74dfe4f434493342902b1a48b33a5
  languageName: node
  linkType: hard

"@npmcli/agent@npm:^4.0.0":
  version: 4.0.0
  resolution: "@npmcli/agent@npm:4.0.0"
  dependencies:
    agent-base: "npm:^7.1.0"
    http-proxy-agent: "npm:^7.0.0"
    https-proxy-agent: "npm:^7.0.1"
    lru-cache: "npm:^11.2.1"
    socks-proxy-agent: "npm:^8.0.3"
  checksum: 10/1a81573becc60515031accc696e6405e9b894e65c12b98ef4aeee03b5617c41948633159dbf6caf5dde5b47367eeb749bdc7b7dfb21960930a9060a935c6f636
  languageName: node
  linkType: hard

"@npmcli/fs@npm:^5.0.0":
  version: 5.0.0
  resolution: "@npmcli/fs@npm:5.0.0"
  dependencies:
    semver: "npm:^7.3.5"
  checksum: 10/4935c7719d17830d0f9fa46c50be17b2a3c945cec61760f6d0909bce47677c42e1810ca673305890f9e84f008ec4d8e841182f371e42100a8159d15f22249208
  languageName: node
  linkType: hard

"@rollup/rollup-android-arm-eabi@npm:4.53.3":
  version: 4.53.3
  resolution: "@rollup/rollup-android-arm-eabi@npm:4.53.3"
  conditions: os=android & cpu=arm
  languageName: node
  linkType: hard

"@rollup/rollup-android-arm64@npm:4.53.3":
  version: 4.53.3
  resolution: "@rollup/rollup-android-arm64@npm:4.53.3"
  conditions: os=android & cpu=arm64
  languageName: node
  linkType: hard

"@rollup/rollup-darwin-arm64@npm:4.53.3":
  version: 4.53.3
  resolution: "@rollup/rollup-darwin-arm64@npm:4.53.3"
  conditions: os=darwin & cpu=arm64
  languageName: node
  linkType: hard

"@rollup/rollup-darwin-x64@npm:4.53.3":
  version: 4.53.3
  resolution: "@rollup/rollup-darwin-x64@npm:4.53.3"
  conditions: os=darwin & cpu=x64
  languageName: node
  linkType: hard

"@rollup/rollup-freebsd-arm64@npm:4.53.3":
  version: 4.53.3
  resolution: "@rollup/rollup-freebsd-arm64@npm:4.53.3"
  conditions: os=freebsd & cpu=arm64
  languageName: node
  linkType: hard

"@rollup/rollup-freebsd-x64@npm:4.53.3":
  version: 4.53.3
  resolution: "@rollup/rollup-freebsd-x64@npm:4.53.3"
  conditions: os=freebsd & cpu=x64
  languageName: node
  linkType: hard

"@rollup/rollup-linux-arm-gnueabihf@npm:4.53.3":
  version: 4.53.3
  resolution: "@rollup/rollup-linux-arm-gnueabihf@npm:4.53.3"
  conditions: os=linux & cpu=arm & libc=glibc
  languageName: node
  linkType: hard

"@rollup/rollup-linux-arm-musleabihf@npm:4.53.3":
  version: 4.53.3
  resolution: "@rollup/rollup-linux-arm-musleabihf@npm:4.53.3"
  conditions: os=linux & cpu=arm & libc=musl
  languageName: node
  linkType: hard

"@rollup/rollup-linux-arm64-gnu@npm:4.53.3":
  version: 4.53.3
  resolution: "@rollup/rollup-linux-arm64-gnu@npm:4.53.3"
  conditions: os=linux & cpu=arm64 & libc=glibc
  languageName: node
  linkType: hard

"@rollup/rollup-linux-arm64-musl@npm:4.53.3":
  version: 4.53.3
  resolution: "@rollup/rollup-linux-arm64-musl@npm:4.53.3"
  conditions: os=linux & cpu=arm64 & libc=musl
  languageName: node
  linkType: hard

"@rollup/rollup-linux-loong64-gnu@npm:4.53.3":
  version: 4.53.3
  resolution: "@rollup/rollup-linux-loong64-gnu@npm:4.53.3"
  conditions: os=linux & cpu=loong64 & libc=glibc
  languageName: node
  linkType: hard

"@rollup/rollup-linux-ppc64-gnu@npm:4.53.3":
  version: 4.53.3
  resolution: "@rollup/rollup-linux-ppc64-gnu@npm:4.53.3"
  conditions: os=linux & cpu=ppc64 & libc=glibc
  languageName: node
  linkType: hard

"@rollup/rollup-linux-riscv64-gnu@npm:4.53.3":
  version: 4.53.3
  resolution: "@rollup/rollup-linux-riscv64-gnu@npm:4.53.3"
  conditions: os=linux & cpu=riscv64 & libc=glibc
  languageName: node
  linkType: hard

"@rollup/rollup-linux-riscv64-musl@npm:4.53.3":
  version: 4.53.3
  resolution: "@rollup/rollup-linux-riscv64-musl@npm:4.53.3"
  conditions: os=linux & cpu=riscv64 & libc=musl
  languageName: node
  linkType: hard

"@rollup/rollup-linux-s390x-gnu@npm:4.53.3":
  version: 4.53.3
  resolution: "@rollup/rollup-linux-s390x-gnu@npm:4.53.3"
  conditions: os=linux & cpu=s390x & libc=glibc
  languageName: node
  linkType: hard

"@rollup/rollup-linux-x64-gnu@npm:4.53.3":
  version: 4.53.3
  resolution: "@rollup/rollup-linux-x64-gnu@npm:4.53.3"
  conditions: os=linux & cpu=x64 & libc=glibc
  languageName: node
  linkType: hard

"@rollup/rollup-linux-x64-musl@npm:4.53.3":
  version: 4.53.3
  resolution: "@rollup/rollup-linux-x64-musl@npm:4.53.3"
  conditions: os=linux & cpu=x64 & libc=musl
  languageName: node
  linkType: hard

"@rollup/rollup-openharmony-arm64@npm:4.53.3":
  version: 4.53.3
  resolution: "@rollup/rollup-openharmony-arm64@npm:4.53.3"
  conditions: os=openharmony & cpu=arm64
  languageName: node
  linkType: hard

"@rollup/rollup-win32-arm64-msvc@npm:4.53.3":
  version: 4.53.3
  resolution: "@rollup/rollup-win32-arm64-msvc@npm:4.53.3"
  conditions: os=win32 & cpu=arm64
  languageName: node
  linkType: hard

"@rollup/rollup-win32-ia32-msvc@npm:4.53.3":
  version: 4.53.3
  resolution: "@rollup/rollup-win32-ia32-msvc@npm:4.53.3"
  conditions: os=win32 & cpu=ia32
  languageName: node
  linkType: hard

"@rollup/rollup-win32-x64-gnu@npm:4.53.3":
  version: 4.53.3
  resolution: "@rollup/rollup-win32-x64-gnu@npm:4.53.3"
  conditions: os=win32 & cpu=x64
  languageName: node
  linkType: hard

"@rollup/rollup-win32-x64-msvc@npm:4.53.3":
  version: 4.53.3
  resolution: "@rollup/rollup-win32-x64-msvc@npm:4.53.3"
  conditions: os=win32 & cpu=x64
  languageName: node
  linkType: hard

"@standard-schema/spec@npm:^1.0.0":
  version: 1.0.0
  resolution: "@standard-schema/spec@npm:1.0.0"
  checksum: 10/aee780cc1431888ca4b9aba9b24ffc8f3073fc083acc105e3951481478a2f4dc957796931b2da9e2d8329584cf211e4542275f188296c1cdff3ed44fd93a8bc8
  languageName: node
  linkType: hard

"@types/chai@npm:^5.2.2":
  version: 5.2.3
  resolution: "@types/chai@npm:5.2.3"
  dependencies:
    "@types/deep-eql": "npm:*"
    assertion-error: "npm:^2.0.1"
  checksum: 10/e79947307dc235953622e65f83d2683835212357ca261389116ab90bed369ac862ba28b146b4fed08b503ae1e1a12cb93ce783f24bb8d562950469f4320e1c7c
  languageName: node
  linkType: hard

"@types/deep-eql@npm:*":
  version: 4.0.2
  resolution: "@types/deep-eql@npm:4.0.2"
  checksum: 10/249a27b0bb22f6aa28461db56afa21ec044fa0e303221a62dff81831b20c8530502175f1a49060f7099e7be06181078548ac47c668de79ff9880241968d43d0c
  languageName: node
  linkType: hard

"@types/estree@npm:1.0.8, @types/estree@npm:^1.0.0":
  version: 1.0.8
  resolution: "@types/estree@npm:1.0.8"
  checksum: 10/25a4c16a6752538ffde2826c2cc0c6491d90e69cd6187bef4a006dd2c3c45469f049e643d7e516c515f21484dc3d48fd5c870be158a5beb72f5baf3dc43e4099
  languageName: node
  linkType: hard

"@types/node@npm:25.0.10":
  version: 25.0.10
  resolution: "@types/node@npm:25.0.10"
  dependencies:
    undici-types: "npm:~7.16.0"
  checksum: 10/e5fc1fe0e585957f91ff3ad8ee01b051ce0c9da9658c5ba68d11d557522450783ab61ac2778355e8f566b83bc3bd18e78576569162e9729ed52af36999f81c9a
  languageName: node
  linkType: hard

"@vitest/expect@npm:4.0.18":
  version: 4.0.18
  resolution: "@vitest/expect@npm:4.0.18"
  dependencies:
    "@standard-schema/spec": "npm:^1.0.0"
    "@types/chai": "npm:^5.2.2"
    "@vitest/spy": "npm:4.0.18"
    "@vitest/utils": "npm:4.0.18"
    chai: "npm:^6.2.1"
    tinyrainbow: "npm:^3.0.3"
  checksum: 10/2115bff1bbcad460ce72032022e4dbcf8572c4b0fe07ca60f5644a8d96dd0dfa112986b5a1a5c5705f4548119b3b829c45d1de0838879211e0d6bb276b4ece73
  languageName: node
  linkType: hard

"@vitest/mocker@npm:4.0.18":
  version: 4.0.18
  resolution: "@vitest/mocker@npm:4.0.18"
  dependencies:
    "@vitest/spy": "npm:4.0.18"
    estree-walker: "npm:^3.0.3"
    magic-string: "npm:^0.30.21"
  peerDependencies:
    msw: ^2.4.9
    vite: ^6.0.0 || ^7.0.0-0
  peerDependenciesMeta:
    msw:
      optional: true
    vite:
      optional: true
  checksum: 10/46f584a4c1180dfb513137bc8db6e2e3b53e141adfe964307297e98321652d86a3f2a52d80cda1f810205bd5fdcab789bb8b52a532e68f175ef1e20be398218d
  languageName: node
  linkType: hard

"@vitest/pretty-format@npm:4.0.18":
  version: 4.0.18
  resolution: "@vitest/pretty-format@npm:4.0.18"
  dependencies:
    tinyrainbow: "npm:^3.0.3"
  checksum: 10/4cafc7c9853097345bd94e8761bf47c2c04e00d366ac56d79928182787ff83c512c96f1dc2ce9b6aeed4d3a8c23ce12254da203783108d3c096bc398eed2a62d
  languageName: node
  linkType: hard

"@vitest/runner@npm:4.0.18":
  version: 4.0.18
  resolution: "@vitest/runner@npm:4.0.18"
  dependencies:
    "@vitest/utils": "npm:4.0.18"
    pathe: "npm:^2.0.3"
  checksum: 10/d7deebf086d7e084f449733ecea6c9c81737a18aafece318cbe7500e45debea00fa9dbf9315fd38aa88550dd5240a791b885ac71665f89b154d71a6c63da5836
  languageName: node
  linkType: hard

"@vitest/snapshot@npm:4.0.18":
  version: 4.0.18
  resolution: "@vitest/snapshot@npm:4.0.18"
  dependencies:
    "@vitest/pretty-format": "npm:4.0.18"
    magic-string: "npm:^0.30.21"
    pathe: "npm:^2.0.3"
  checksum: 10/50aa5fb7fca45c499c145cc2f20e53b8afb0990b53ff4a4e6447dd6f147437edc5316f22e2d82119e154c3cf7c59d44898e7b2faf7ba614ac1051cbe4d662a77
  languageName: node
  linkType: hard

"@vitest/spy@npm:4.0.18":
  version: 4.0.18
  resolution: "@vitest/spy@npm:4.0.18"
  checksum: 10/f7b1618ae13790105771dd2a8c973c63c018366fcc69b50f15ce5d12f9ac552efd3c1e6e5ae4ebdb6023d0b8d8f31fef2a0b1b77334284928db45c80c63de456
  languageName: node
  linkType: hard

"@vitest/utils@npm:4.0.18":
  version: 4.0.18
  resolution: "@vitest/utils@npm:4.0.18"
  dependencies:
    "@vitest/pretty-format": "npm:4.0.18"
    tinyrainbow: "npm:^3.0.3"
  checksum: 10/e8b2ad7bc35b2bc5590f9dc1d1a67644755da416b47ab7099a6f26792903fa0aacb81e6ba99f0f03858d9d3a1d76eeba65150a1a0849690a40817424e749c367
  languageName: node
  linkType: hard

"abbrev@npm:^4.0.0":
  version: 4.0.0
  resolution: "abbrev@npm:4.0.0"
  checksum: 10/e2f0c6a6708ad738b3e8f50233f4800de31ad41a6cdc50e0cbe51b76fed69fd0213516d92c15ce1a9985fca71a14606a9be22bf00f8475a58987b9bfb671c582
  languageName: node
  linkType: hard

"agent-base@npm:^7.1.0, agent-base@npm:^7.1.2":
  version: 7.1.4
  resolution: "agent-base@npm:7.1.4"
  checksum: 10/79bef167247789f955aaba113bae74bf64aa1e1acca4b1d6bb444bdf91d82c3e07e9451ef6a6e2e35e8f71a6f97ce33e3d855a5328eb9fad1bc3cc4cfd031ed8
  languageName: node
  linkType: hard

"algoliasearch@link:../../../clients/algoliasearch-client-javascript/packages/algoliasearch::locator=javascript-tests%40workspace%3A.":
  version: 0.0.0-use.local
  resolution: "algoliasearch@link:../../../clients/algoliasearch-client-javascript/packages/algoliasearch::locator=javascript-tests%40workspace%3A."
  languageName: node
  linkType: soft

"assertion-error@npm:^2.0.1":
  version: 2.0.1
  resolution: "assertion-error@npm:2.0.1"
  checksum: 10/a0789dd882211b87116e81e2648ccb7f60340b34f19877dd020b39ebb4714e475eb943e14ba3e22201c221ef6645b7bfe10297e76b6ac95b48a9898c1211ce66
  languageName: node
  linkType: hard

"cacache@npm:^20.0.1":
  version: 20.0.3
  resolution: "cacache@npm:20.0.3"
  dependencies:
    "@npmcli/fs": "npm:^5.0.0"
    fs-minipass: "npm:^3.0.0"
    glob: "npm:^13.0.0"
    lru-cache: "npm:^11.1.0"
    minipass: "npm:^7.0.3"
    minipass-collect: "npm:^2.0.1"
    minipass-flush: "npm:^1.0.5"
    minipass-pipeline: "npm:^1.2.4"
    p-map: "npm:^7.0.2"
    ssri: "npm:^13.0.0"
    unique-filename: "npm:^5.0.0"
  checksum: 10/388a0169970df9d051da30437f93f81b7e91efb570ad0ff2b8fde33279fbe726c1bc8e8e2b9c05053ffb4f563854c73db395e8712e3b62347a1bc4f7fb8899ff
  languageName: node
  linkType: hard

"chai@npm:^6.2.1":
  version: 6.2.2
  resolution: "chai@npm:6.2.2"
  checksum: 10/13cda42cc40aa46da04a41cf7e5c61df6b6ae0b4e8a8c8b40e04d6947e4d7951377ea8c14f9fa7fe5aaa9e8bd9ba414f11288dc958d4cee6f5221b9436f2778f
  languageName: node
  linkType: hard

"chownr@npm:^3.0.0":
  version: 3.0.0
  resolution: "chownr@npm:3.0.0"
  checksum: 10/b63cb1f73d171d140a2ed8154ee6566c8ab775d3196b0e03a2a94b5f6a0ce7777ee5685ca56849403c8d17bd457a6540672f9a60696a6137c7a409097495b82c
  languageName: node
  linkType: hard

"debug@npm:4, debug@npm:^4.3.4":
  version: 4.4.3
  resolution: "debug@npm:4.4.3"
  dependencies:
    ms: "npm:^2.1.3"
  peerDependenciesMeta:
    supports-color:
      optional: true
  checksum: 10/9ada3434ea2993800bd9a1e320bd4aa7af69659fb51cca685d390949434bc0a8873c21ed7c9b852af6f2455a55c6d050aa3937d52b3c69f796dab666f762acad
  languageName: node
  linkType: hard

"encoding@npm:^0.1.13":
  version: 0.1.13
  resolution: "encoding@npm:0.1.13"
  dependencies:
    iconv-lite: "npm:^0.6.2"
  checksum: 10/bb98632f8ffa823996e508ce6a58ffcf5856330fde839ae42c9e1f436cc3b5cc651d4aeae72222916545428e54fd0f6aa8862fd8d25bdbcc4589f1e3f3715e7f
  languageName: node
  linkType: hard

"env-paths@npm:^2.2.0":
  version: 2.2.1
  resolution: "env-paths@npm:2.2.1"
  checksum: 10/65b5df55a8bab92229ab2b40dad3b387fad24613263d103a97f91c9fe43ceb21965cd3392b1ccb5d77088021e525c4e0481adb309625d0cb94ade1d1fb8dc17e
  languageName: node
  linkType: hard

"err-code@npm:^2.0.2":
  version: 2.0.3
  resolution: "err-code@npm:2.0.3"
  checksum: 10/1d20d825cdcce8d811bfbe86340f4755c02655a7feb2f13f8c880566d9d72a3f6c92c192a6867632e490d6da67b678271f46e01044996a6443e870331100dfdd
  languageName: node
  linkType: hard

"es-module-lexer@npm:^1.7.0":
  version: 1.7.0
  resolution: "es-module-lexer@npm:1.7.0"
  checksum: 10/b6f3e576a3fed4d82b0d0ad4bbf6b3a5ad694d2e7ce8c4a069560da3db6399381eaba703616a182b16dde50ce998af64e07dcf49f2ae48153b9e07be3f107087
  languageName: node
  linkType: hard

"esbuild@npm:^0.25.0":
  version: 0.25.12
  resolution: "esbuild@npm:0.25.12"
  dependencies:
    "@esbuild/aix-ppc64": "npm:0.25.12"
    "@esbuild/android-arm": "npm:0.25.12"
    "@esbuild/android-arm64": "npm:0.25.12"
    "@esbuild/android-x64": "npm:0.25.12"
    "@esbuild/darwin-arm64": "npm:0.25.12"
    "@esbuild/darwin-x64": "npm:0.25.12"
    "@esbuild/freebsd-arm64": "npm:0.25.12"
    "@esbuild/freebsd-x64": "npm:0.25.12"
    "@esbuild/linux-arm": "npm:0.25.12"
    "@esbuild/linux-arm64": "npm:0.25.12"
    "@esbuild/linux-ia32": "npm:0.25.12"
    "@esbuild/linux-loong64": "npm:0.25.12"
    "@esbuild/linux-mips64el": "npm:0.25.12"
    "@esbuild/linux-ppc64": "npm:0.25.12"
    "@esbuild/linux-riscv64": "npm:0.25.12"
    "@esbuild/linux-s390x": "npm:0.25.12"
    "@esbuild/linux-x64": "npm:0.25.12"
    "@esbuild/netbsd-arm64": "npm:0.25.12"
    "@esbuild/netbsd-x64": "npm:0.25.12"
    "@esbuild/openbsd-arm64": "npm:0.25.12"
    "@esbuild/openbsd-x64": "npm:0.25.12"
    "@esbuild/openharmony-arm64": "npm:0.25.12"
    "@esbuild/sunos-x64": "npm:0.25.12"
    "@esbuild/win32-arm64": "npm:0.25.12"
    "@esbuild/win32-ia32": "npm:0.25.12"
    "@esbuild/win32-x64": "npm:0.25.12"
  dependenciesMeta:
    "@esbuild/aix-ppc64":
      optional: true
    "@esbuild/android-arm":
      optional: true
    "@esbuild/android-arm64":
      optional: true
    "@esbuild/android-x64":
      optional: true
    "@esbuild/darwin-arm64":
      optional: true
    "@esbuild/darwin-x64":
      optional: true
    "@esbuild/freebsd-arm64":
      optional: true
    "@esbuild/freebsd-x64":
      optional: true
    "@esbuild/linux-arm":
      optional: true
    "@esbuild/linux-arm64":
      optional: true
    "@esbuild/linux-ia32":
      optional: true
    "@esbuild/linux-loong64":
      optional: true
    "@esbuild/linux-mips64el":
      optional: true
    "@esbuild/linux-ppc64":
      optional: true
    "@esbuild/linux-riscv64":
      optional: true
    "@esbuild/linux-s390x":
      optional: true
    "@esbuild/linux-x64":
      optional: true
    "@esbuild/netbsd-arm64":
      optional: true
    "@esbuild/netbsd-x64":
      optional: true
    "@esbuild/openbsd-arm64":
      optional: true
    "@esbuild/openbsd-x64":
      optional: true
    "@esbuild/openharmony-arm64":
      optional: true
    "@esbuild/sunos-x64":
      optional: true
    "@esbuild/win32-arm64":
      optional: true
    "@esbuild/win32-ia32":
      optional: true
    "@esbuild/win32-x64":
      optional: true
  bin:
    esbuild: bin/esbuild
  checksum: 10/bc9c03d64e96a0632a926662c9d29decafb13a40e5c91790f632f02939bc568edc9abe0ee5d8055085a2819a00139eb12e223cfb8126dbf89bbc569f125d91fd
  languageName: node
  linkType: hard

"estree-walker@npm:^3.0.3":
  version: 3.0.3
  resolution: "estree-walker@npm:3.0.3"
  dependencies:
    "@types/estree": "npm:^1.0.0"
  checksum: 10/a65728d5727b71de172c5df323385755a16c0fdab8234dc756c3854cfee343261ddfbb72a809a5660fac8c75d960bb3e21aa898c2d7e9b19bb298482ca58a3af
  languageName: node
  linkType: hard

"expect-type@npm:^1.2.2":
  version: 1.2.2
  resolution: "expect-type@npm:1.2.2"
  checksum: 10/1703e6e47b575f79d801d87f24c639f4d0af71b327a822e6922d0ccb7eb3f6559abb240b8bd43bab6a477903de4cc322908e194d05132c18f52a217115e8e870
  languageName: node
  linkType: hard

"exponential-backoff@npm:^3.1.1":
  version: 3.1.3
  resolution: "exponential-backoff@npm:3.1.3"
  checksum: 10/ca25962b4bbab943b7c4ed0b5228e263833a5063c65e1cdeac4be9afad350aae5466e8e619b5051f4f8d37b2144a2d6e8fcc771b6cc82934f7dade2f964f652c
  languageName: node
  linkType: hard

"fdir@npm:^6.5.0":
  version: 6.5.0
  resolution: "fdir@npm:6.5.0"
  peerDependencies:
    picomatch: ^3 || ^4
  peerDependenciesMeta:
    picomatch:
      optional: true
  checksum: 10/14ca1c9f0a0e8f4f2e9bf4e8551065a164a09545dae548c12a18d238b72e51e5a7b39bd8e5494b56463a0877672d0a6c1ef62c6fa0677db1b0c847773be939b1
  languageName: node
  linkType: hard

"fs-minipass@npm:^3.0.0":
  version: 3.0.3
  resolution: "fs-minipass@npm:3.0.3"
  dependencies:
    minipass: "npm:^7.0.3"
  checksum: 10/af143246cf6884fe26fa281621d45cfe111d34b30535a475bfa38dafe343dadb466c047a924ffc7d6b7b18265df4110224ce3803806dbb07173bf2087b648d7f
  languageName: node
  linkType: hard

"fsevents@npm:~2.3.2, fsevents@npm:~2.3.3":
  version: 2.3.3
  resolution: "fsevents@npm:2.3.3"
  dependencies:
    node-gyp: "npm:latest"
  checksum: 10/4c1ade961ded57cdbfbb5cac5106ec17bc8bccd62e16343c569a0ceeca83b9dfef87550b4dc5cbb89642da412b20c5071f304c8c464b80415446e8e155a038c0
  conditions: os=darwin
  languageName: node
  linkType: hard

"fsevents@patch:fsevents@npm%3A~2.3.2#optional!builtin<compat/fsevents>, fsevents@patch:fsevents@npm%3A~2.3.3#optional!builtin<compat/fsevents>":
  version: 2.3.3
  resolution: "fsevents@patch:fsevents@npm%3A2.3.3#optional!builtin<compat/fsevents>::version=2.3.3&hash=df0bf1"
  dependencies:
    node-gyp: "npm:latest"
  conditions: os=darwin
  languageName: node
  linkType: hard

"glob@npm:^13.0.0":
  version: 13.0.0
  resolution: "glob@npm:13.0.0"
  dependencies:
    minimatch: "npm:^10.1.1"
    minipass: "npm:^7.1.2"
    path-scurry: "npm:^2.0.0"
  checksum: 10/de390721d29ee1c9ea41e40ec2aa0de2cabafa68022e237dc4297665a5e4d650776f2573191984ea1640aba1bf0ea34eddef2d8cbfbfc2ad24b5fb0af41d8846
  languageName: node
  linkType: hard

"graceful-fs@npm:^4.2.6":
  version: 4.2.11
  resolution: "graceful-fs@npm:4.2.11"
  checksum: 10/bf152d0ed1dc159239db1ba1f74fdbc40cb02f626770dcd5815c427ce0688c2635a06ed69af364396da4636d0408fcf7d4afdf7881724c3307e46aff30ca49e2
  languageName: node
  linkType: hard

"http-cache-semantics@npm:^4.1.1":
  version: 4.2.0
  resolution: "http-cache-semantics@npm:4.2.0"
  checksum: 10/4efd2dfcfeea9d5e88c84af450b9980be8a43c2c8179508b1c57c7b4421c855f3e8efe92fa53e0b3f4a43c85824ada930eabbc306d1b3beab750b6dcc5187693
  languageName: node
  linkType: hard

"http-proxy-agent@npm:^7.0.0":
  version: 7.0.2
  resolution: "http-proxy-agent@npm:7.0.2"
  dependencies:
    agent-base: "npm:^7.1.0"
    debug: "npm:^4.3.4"
  checksum: 10/d062acfa0cb82beeb558f1043c6ba770ea892b5fb7b28654dbc70ea2aeea55226dd34c02a294f6c1ca179a5aa483c4ea641846821b182edbd9cc5d89b54c6848
  languageName: node
  linkType: hard

"https-proxy-agent@npm:^7.0.1":
  version: 7.0.6
  resolution: "https-proxy-agent@npm:7.0.6"
  dependencies:
    agent-base: "npm:^7.1.2"
    debug: "npm:4"
  checksum: 10/784b628cbd55b25542a9d85033bdfd03d4eda630fb8b3c9477959367f3be95dc476ed2ecbb9836c359c7c698027fc7b45723a302324433590f45d6c1706e8c13
  languageName: node
  linkType: hard

"iconv-lite@npm:^0.6.2":
  version: 0.6.3
  resolution: "iconv-lite@npm:0.6.3"
  dependencies:
    safer-buffer: "npm:>= 2.1.2 < 3.0.0"
  checksum: 10/24e3292dd3dadaa81d065c6f8c41b274a47098150d444b96e5f53b4638a9a71482921ea6a91a1f59bb71d9796de25e04afd05919fa64c360347ba65d3766f10f
  languageName: node
  linkType: hard

"imurmurhash@npm:^0.1.4":
  version: 0.1.4
  resolution: "imurmurhash@npm:0.1.4"
  checksum: 10/2d30b157a91fe1c1d7c6f653cbf263f039be6c5bfa959245a16d4ee191fc0f2af86c08545b6e6beeb041c56b574d2d5b9f95343d378ab49c0f37394d541e7fc8
  languageName: node
  linkType: hard

"ip-address@npm:^10.0.1":
  version: 10.1.0
  resolution: "ip-address@npm:10.1.0"
  checksum: 10/a6979629d1ad9c1fb424bc25182203fad739b40225aebc55ec6243bbff5035faf7b9ed6efab3a097de6e713acbbfde944baacfa73e11852bb43989c45a68d79e
  languageName: node
  linkType: hard

"isexe@npm:^3.1.1":
  version: 3.1.1
  resolution: "isexe@npm:3.1.1"
  checksum: 10/7fe1931ee4e88eb5aa524cd3ceb8c882537bc3a81b02e438b240e47012eef49c86904d0f0e593ea7c3a9996d18d0f1f3be8d3eaa92333977b0c3a9d353d5563e
  languageName: node
  linkType: hard

"javascript-tests@workspace:.":
  version: 0.0.0-use.local
  resolution: "javascript-tests@workspace:."
  dependencies:
    "@algolia/composition": "link:../../../clients/algoliasearch-client-javascript/packages/composition"
    "@algolia/requester-testing": "link:../../../clients/algoliasearch-client-javascript/packages/requester-testing"
    "@types/node": "npm:25.0.10"
    algoliasearch: "link:../../../clients/algoliasearch-client-javascript/packages/algoliasearch"
    typescript: "npm:5.9.3"
    vitest: "npm:4.0.18"
  languageName: unknown
  linkType: soft

"lru-cache@npm:^11.0.0, lru-cache@npm:^11.1.0, lru-cache@npm:^11.2.1":
  version: 11.2.4
  resolution: "lru-cache@npm:11.2.4"
  checksum: 10/3b2da74c0b6653767f8164c38c4c4f4d7f0cc10c62bfa512663d94a830191ae6a5af742a8d88a8b30d5f9974652d3adae53931f32069139ad24fa2a18a199aca
  languageName: node
  linkType: hard

"magic-string@npm:^0.30.21":
  version: 0.30.21
  resolution: "magic-string@npm:0.30.21"
  dependencies:
    "@jridgewell/sourcemap-codec": "npm:^1.5.5"
  checksum: 10/57d5691f41ed40d962d8bd300148114f53db67fadbff336207db10a99f2bdf4a1be9cac3a68ee85dba575912ee1d4402e4396408196ec2d3afd043b076156221
  languageName: node
  linkType: hard

"make-fetch-happen@npm:^15.0.0":
  version: 15.0.3
  resolution: "make-fetch-happen@npm:15.0.3"
  dependencies:
    "@npmcli/agent": "npm:^4.0.0"
    cacache: "npm:^20.0.1"
    http-cache-semantics: "npm:^4.1.1"
    minipass: "npm:^7.0.2"
    minipass-fetch: "npm:^5.0.0"
    minipass-flush: "npm:^1.0.5"
    minipass-pipeline: "npm:^1.2.4"
    negotiator: "npm:^1.0.0"
    proc-log: "npm:^6.0.0"
    promise-retry: "npm:^2.0.1"
    ssri: "npm:^13.0.0"
  checksum: 10/78da4fc1df83cb596e2bae25aa0653b8a9c6cbdd6674a104894e03be3acfcd08c70b78f06ef6407fbd6b173f6a60672480d78641e693d05eb71c09c13ee35278
  languageName: node
  linkType: hard

"minimatch@npm:^10.1.1":
  version: 10.1.1
  resolution: "minimatch@npm:10.1.1"
  dependencies:
    "@isaacs/brace-expansion": "npm:^5.0.0"
  checksum: 10/110f38921ea527022e90f7a5f43721838ac740d0a0c26881c03b57c261354fb9a0430e40b2c56dfcea2ef3c773768f27210d1106f1f2be19cde3eea93f26f45e
  languageName: node
  linkType: hard

"minipass-collect@npm:^2.0.1":
  version: 2.0.1
  resolution: "minipass-collect@npm:2.0.1"
  dependencies:
    minipass: "npm:^7.0.3"
  checksum: 10/b251bceea62090f67a6cced7a446a36f4cd61ee2d5cea9aee7fff79ba8030e416327a1c5aa2908dc22629d06214b46d88fdab8c51ac76bacbf5703851b5ad342
  languageName: node
  linkType: hard

"minipass-fetch@npm:^5.0.0":
  version: 5.0.0
  resolution: "minipass-fetch@npm:5.0.0"
  dependencies:
    encoding: "npm:^0.1.13"
    minipass: "npm:^7.0.3"
    minipass-sized: "npm:^1.0.3"
    minizlib: "npm:^3.0.1"
  dependenciesMeta:
    encoding:
      optional: true
  checksum: 10/4fb7dca630a64e6970a8211dade505bfe260d0b8d60beb348dcdfb95fe35ef91d977b29963929c9017ae0805686aa3f413107dc6bc5deac9b9e26b0b41c3b86c
  languageName: node
  linkType: hard

"minipass-flush@npm:^1.0.5":
  version: 1.0.5
  resolution: "minipass-flush@npm:1.0.5"
  dependencies:
    minipass: "npm:^3.0.0"
  checksum: 10/56269a0b22bad756a08a94b1ffc36b7c9c5de0735a4dd1ab2b06c066d795cfd1f0ac44a0fcae13eece5589b908ecddc867f04c745c7009be0b566421ea0944cf
  languageName: node
  linkType: hard

"minipass-pipeline@npm:^1.2.4":
  version: 1.2.4
  resolution: "minipass-pipeline@npm:1.2.4"
  dependencies:
    minipass: "npm:^3.0.0"
  checksum: 10/b14240dac0d29823c3d5911c286069e36d0b81173d7bdf07a7e4a91ecdef92cdff4baaf31ea3746f1c61e0957f652e641223970870e2353593f382112257971b
  languageName: node
  linkType: hard

"minipass-sized@npm:^1.0.3":
  version: 1.0.3
  resolution: "minipass-sized@npm:1.0.3"
  dependencies:
    minipass: "npm:^3.0.0"
  checksum: 10/40982d8d836a52b0f37049a0a7e5d0f089637298e6d9b45df9c115d4f0520682a78258905e5c8b180fb41b593b0a82cc1361d2c74b45f7ada66334f84d1ecfdd
  languageName: node
  linkType: hard

"minipass@npm:^3.0.0":
  version: 3.3.6
  resolution: "minipass@npm:3.3.6"
  dependencies:
    yallist: "npm:^4.0.0"
  checksum: 10/a5c6ef069f70d9a524d3428af39f2b117ff8cd84172e19b754e7264a33df460873e6eb3d6e55758531580970de50ae950c496256bb4ad3691a2974cddff189f0
  languageName: node
  linkType: hard

"minipass@npm:^7.0.2, minipass@npm:^7.0.3, minipass@npm:^7.0.4, minipass@npm:^7.1.2":
  version: 7.1.2
  resolution: "minipass@npm:7.1.2"
  checksum: 10/c25f0ee8196d8e6036661104bacd743785b2599a21de5c516b32b3fa2b83113ac89a2358465bc04956baab37ffb956ae43be679b2262bf7be15fce467ccd7950
  languageName: node
  linkType: hard

"minizlib@npm:^3.0.1, minizlib@npm:^3.1.0":
  version: 3.1.0
  resolution: "minizlib@npm:3.1.0"
  dependencies:
    minipass: "npm:^7.1.2"
  checksum: 10/f47365cc2cb7f078cbe7e046eb52655e2e7e97f8c0a9a674f4da60d94fb0624edfcec9b5db32e8ba5a99a5f036f595680ae6fe02a262beaa73026e505cc52f99
  languageName: node
  linkType: hard

"ms@npm:^2.1.3":
  version: 2.1.3
  resolution: "ms@npm:2.1.3"
  checksum: 10/aa92de608021b242401676e35cfa5aa42dd70cbdc082b916da7fb925c542173e36bce97ea3e804923fe92c0ad991434e4a38327e15a1b5b5f945d66df615ae6d
  languageName: node
  linkType: hard

"nanoid@npm:^3.3.11":
  version: 3.3.11
  resolution: "nanoid@npm:3.3.11"
  bin:
    nanoid: bin/nanoid.cjs
  checksum: 10/73b5afe5975a307aaa3c95dfe3334c52cdf9ae71518176895229b8d65ab0d1c0417dd081426134eb7571c055720428ea5d57c645138161e7d10df80815527c48
  languageName: node
  linkType: hard

"negotiator@npm:^1.0.0":
  version: 1.0.0
  resolution: "negotiator@npm:1.0.0"
  checksum: 10/b5734e87295324fabf868e36fb97c84b7d7f3156ec5f4ee5bf6e488079c11054f818290fc33804cef7b1ee21f55eeb14caea83e7dafae6492a409b3e573153e5
  languageName: node
  linkType: hard

"node-gyp@npm:latest":
  version: 12.1.0
  resolution: "node-gyp@npm:12.1.0"
  dependencies:
    env-paths: "npm:^2.2.0"
    exponential-backoff: "npm:^3.1.1"
    graceful-fs: "npm:^4.2.6"
    make-fetch-happen: "npm:^15.0.0"
    nopt: "npm:^9.0.0"
    proc-log: "npm:^6.0.0"
    semver: "npm:^7.3.5"
    tar: "npm:^7.5.2"
    tinyglobby: "npm:^0.2.12"
    which: "npm:^6.0.0"
  bin:
    node-gyp: bin/node-gyp.js
  checksum: 10/d93079236cef1dd7fa4df683708d8708ad255c55865f6656664c8959e4d3963d908ac48e8f9f341705432e979dbbf502a40d68d65a17fe35956a5a05ba6c1cb4
  languageName: node
  linkType: hard

"nopt@npm:^9.0.0":
  version: 9.0.0
  resolution: "nopt@npm:9.0.0"
  dependencies:
    abbrev: "npm:^4.0.0"
  bin:
    nopt: bin/nopt.js
  checksum: 10/56a1ccd2ad711fb5115918e2c96828703cddbe12ba2c3bd00591758f6fa30e6f47dd905c59dbfcf9b773f3a293b45996609fb6789ae29d6bfcc3cf3a6f7d9fda
  languageName: node
  linkType: hard

"obug@npm:^2.1.1":
  version: 2.1.1
  resolution: "obug@npm:2.1.1"
  checksum: 10/bdcf9213361786688019345f3452b95a1dc73710e4b403c82a1994b98bad6abc31b26cb72a482128c5fd53ea9daf6fbb7d0e0e7b2b7e9c8be6d779deeccee07f
  languageName: node
  linkType: hard

"p-map@npm:^7.0.2":
  version: 7.0.4
  resolution: "p-map@npm:7.0.4"
  checksum: 10/ef48c3b2e488f31c693c9fcc0df0ef76518cf6426a495cf9486ebbb0fd7f31aef7f90e96f72e0070c0ff6e3177c9318f644b512e2c29e3feee8d7153fcb6782e
  languageName: node
  linkType: hard

"path-scurry@npm:^2.0.0":
  version: 2.0.1
  resolution: "path-scurry@npm:2.0.1"
  dependencies:
    lru-cache: "npm:^11.0.0"
    minipass: "npm:^7.1.2"
  checksum: 10/1e9c74e9ccf94d7c16056a5cb2dba9fa23eec1bc221ab15c44765486b9b9975b4cd9a4d55da15b96eadf67d5202e9a2f1cec9023fbb35fe7d9ccd0ff1891f88b
  languageName: node
  linkType: hard

"pathe@npm:^2.0.3":
  version: 2.0.3
  resolution: "pathe@npm:2.0.3"
  checksum: 10/01e9a69928f39087d96e1751ce7d6d50da8c39abf9a12e0ac2389c42c83bc76f78c45a475bd9026a02e6a6f79be63acc75667df855862fe567d99a00a540d23d
  languageName: node
  linkType: hard

"picocolors@npm:^1.1.1":
  version: 1.1.1
  resolution: "picocolors@npm:1.1.1"
  checksum: 10/e1cf46bf84886c79055fdfa9dcb3e4711ad259949e3565154b004b260cd356c5d54b31a1437ce9782624bf766272fe6b0154f5f0c744fb7af5d454d2b60db045
  languageName: node
  linkType: hard

"picomatch@npm:^4.0.3":
  version: 4.0.3
  resolution: "picomatch@npm:4.0.3"
  checksum: 10/57b99055f40b16798f2802916d9c17e9744e620a0db136554af01d19598b96e45e2f00014c91d1b8b13874b80caa8c295b3d589a3f72373ec4aaf54baa5962d5
  languageName: node
  linkType: hard

"postcss@npm:^8.5.6":
  version: 8.5.6
  resolution: "postcss@npm:8.5.6"
  dependencies:
    nanoid: "npm:^3.3.11"
    picocolors: "npm:^1.1.1"
    source-map-js: "npm:^1.2.1"
  checksum: 10/9e4fbe97574091e9736d0e82a591e29aa100a0bf60276a926308f8c57249698935f35c5d2f4e80de778d0cbb8dcffab4f383d85fd50c5649aca421c3df729b86
  languageName: node
  linkType: hard

"proc-log@npm:^6.0.0":
  version: 6.1.0
  resolution: "proc-log@npm:6.1.0"
  checksum: 10/9033f30f168ed5a0991b773d0c50ff88384c4738e9a0a67d341de36bf7293771eed648ab6a0562f62276da12fde91f3bbfc75ffff6e71ad49aafd74fc646be66
  languageName: node
  linkType: hard

"promise-retry@npm:^2.0.1":
  version: 2.0.1
  resolution: "promise-retry@npm:2.0.1"
  dependencies:
    err-code: "npm:^2.0.2"
    retry: "npm:^0.12.0"
  checksum: 10/96e1a82453c6c96eef53a37a1d6134c9f2482f94068f98a59145d0986ca4e497bf110a410adf73857e588165eab3899f0ebcf7b3890c1b3ce802abc0d65967d4
  languageName: node
  linkType: hard

"retry@npm:^0.12.0":
  version: 0.12.0
  resolution: "retry@npm:0.12.0"
  checksum: 10/1f914879f97e7ee931ad05fe3afa629bd55270fc6cf1c1e589b6a99fab96d15daad0fa1a52a00c729ec0078045fe3e399bd4fd0c93bcc906957bdc17f89cb8e6
  languageName: node
  linkType: hard

"rollup@npm:^4.43.0":
  version: 4.53.3
  resolution: "rollup@npm:4.53.3"
  dependencies:
    "@rollup/rollup-android-arm-eabi": "npm:4.53.3"
    "@rollup/rollup-android-arm64": "npm:4.53.3"
    "@rollup/rollup-darwin-arm64": "npm:4.53.3"
    "@rollup/rollup-darwin-x64": "npm:4.53.3"
    "@rollup/rollup-freebsd-arm64": "npm:4.53.3"
    "@rollup/rollup-freebsd-x64": "npm:4.53.3"
    "@rollup/rollup-linux-arm-gnueabihf": "npm:4.53.3"
    "@rollup/rollup-linux-arm-musleabihf": "npm:4.53.3"
    "@rollup/rollup-linux-arm64-gnu": "npm:4.53.3"
    "@rollup/rollup-linux-arm64-musl": "npm:4.53.3"
    "@rollup/rollup-linux-loong64-gnu": "npm:4.53.3"
    "@rollup/rollup-linux-ppc64-gnu": "npm:4.53.3"
    "@rollup/rollup-linux-riscv64-gnu": "npm:4.53.3"
    "@rollup/rollup-linux-riscv64-musl": "npm:4.53.3"
    "@rollup/rollup-linux-s390x-gnu": "npm:4.53.3"
    "@rollup/rollup-linux-x64-gnu": "npm:4.53.3"
    "@rollup/rollup-linux-x64-musl": "npm:4.53.3"
    "@rollup/rollup-openharmony-arm64": "npm:4.53.3"
    "@rollup/rollup-win32-arm64-msvc": "npm:4.53.3"
    "@rollup/rollup-win32-ia32-msvc": "npm:4.53.3"
    "@rollup/rollup-win32-x64-gnu": "npm:4.53.3"
    "@rollup/rollup-win32-x64-msvc": "npm:4.53.3"
    "@types/estree": "npm:1.0.8"
    fsevents: "npm:~2.3.2"
  dependenciesMeta:
    "@rollup/rollup-android-arm-eabi":
      optional: true
    "@rollup/rollup-android-arm64":
      optional: true
    "@rollup/rollup-darwin-arm64":
      optional: true
    "@rollup/rollup-darwin-x64":
      optional: true
    "@rollup/rollup-freebsd-arm64":
      optional: true
    "@rollup/rollup-freebsd-x64":
      optional: true
    "@rollup/rollup-linux-arm-gnueabihf":
      optional: true
    "@rollup/rollup-linux-arm-musleabihf":
      optional: true
    "@rollup/rollup-linux-arm64-gnu":
      optional: true
    "@rollup/rollup-linux-arm64-musl":
      optional: true
    "@rollup/rollup-linux-loong64-gnu":
      optional: true
    "@rollup/rollup-linux-ppc64-gnu":
      optional: true
    "@rollup/rollup-linux-riscv64-gnu":
      optional: true
    "@rollup/rollup-linux-riscv64-musl":
      optional: true
    "@rollup/rollup-linux-s390x-gnu":
      optional: true
    "@rollup/rollup-linux-x64-gnu":
      optional: true
    "@rollup/rollup-linux-x64-musl":
      optional: true
    "@rollup/rollup-openharmony-arm64":
      optional: true
    "@rollup/rollup-win32-arm64-msvc":
      optional: true
    "@rollup/rollup-win32-ia32-msvc":
      optional: true
    "@rollup/rollup-win32-x64-gnu":
      optional: true
    "@rollup/rollup-win32-x64-msvc":
      optional: true
    fsevents:
      optional: true
  bin:
    rollup: dist/bin/rollup
  checksum: 10/e2eff82405061fa907f15dfbf742b1f5fb4b214495c00989bcdbe21da5fcb3f6dec3deabacec491300a53c99da409586cfc77bdf29b411fccb9089b72cd3728d
  languageName: node
  linkType: hard

"safer-buffer@npm:>= 2.1.2 < 3.0.0":
  version: 2.1.2
  resolution: "safer-buffer@npm:2.1.2"
  checksum: 10/7eaf7a0cf37cc27b42fb3ef6a9b1df6e93a1c6d98c6c6702b02fe262d5fcbd89db63320793b99b21cb5348097d0a53de81bd5f4e8b86e20cc9412e3f1cfb4e83
  languageName: node
  linkType: hard

"semver@npm:^7.3.5":
  version: 7.7.3
  resolution: "semver@npm:7.7.3"
  bin:
    semver: bin/semver.js
  checksum: 10/8dbc3168e057a38fc322af909c7f5617483c50caddba135439ff09a754b20bdd6482a5123ff543dad4affa488ecf46ec5fb56d61312ad20bb140199b88dfaea9
  languageName: node
  linkType: hard

"siginfo@npm:^2.0.0":
  version: 2.0.0
  resolution: "siginfo@npm:2.0.0"
  checksum: 10/e93ff66c6531a079af8fb217240df01f980155b5dc408d2d7bebc398dd284e383eb318153bf8acd4db3c4fe799aa5b9a641e38b0ba3b1975700b1c89547ea4e7
  languageName: node
  linkType: hard

"smart-buffer@npm:^4.2.0":
  version: 4.2.0
  resolution: "smart-buffer@npm:4.2.0"
  checksum: 10/927484aa0b1640fd9473cee3e0a0bcad6fce93fd7bbc18bac9ad0c33686f5d2e2c422fba24b5899c184524af01e11dd2bd051c2bf2b07e47aff8ca72cbfc60d2
  languageName: node
  linkType: hard

"socks-proxy-agent@npm:^8.0.3":
  version: 8.0.5
  resolution: "socks-proxy-agent@npm:8.0.5"
  dependencies:
    agent-base: "npm:^7.1.2"
    debug: "npm:^4.3.4"
    socks: "npm:^2.8.3"
  checksum: 10/ee99e1dacab0985b52cbe5a75640be6e604135e9489ebdc3048635d186012fbaecc20fbbe04b177dee434c319ba20f09b3e7dfefb7d932466c0d707744eac05c
  languageName: node
  linkType: hard

"socks@npm:^2.8.3":
  version: 2.8.7
  resolution: "socks@npm:2.8.7"
  dependencies:
    ip-address: "npm:^10.0.1"
    smart-buffer: "npm:^4.2.0"
  checksum: 10/d19366c95908c19db154f329bbe94c2317d315dc933a7c2b5101e73f32a555c84fb199b62174e1490082a593a4933d8d5a9b297bde7d1419c14a11a965f51356
  languageName: node
  linkType: hard

"source-map-js@npm:^1.2.1":
  version: 1.2.1
  resolution: "source-map-js@npm:1.2.1"
  checksum: 10/ff9d8c8bf096d534a5b7707e0382ef827b4dd360a577d3f34d2b9f48e12c9d230b5747974ee7c607f0df65113732711bb701fe9ece3c7edbd43cb2294d707df3
  languageName: node
  linkType: hard

"ssri@npm:^13.0.0":
  version: 13.0.0
  resolution: "ssri@npm:13.0.0"
  dependencies:
    minipass: "npm:^7.0.3"
  checksum: 10/fd59bfedf0659c1b83f6e15459162da021f08ec0f5834dd9163296f8b77ee82f9656aa1d415c3d3848484293e0e6aefdd482e863e52ddb53d520bb73da1eeec1
  languageName: node
  linkType: hard

"stackback@npm:0.0.2":
  version: 0.0.2
  resolution: "stackback@npm:0.0.2"
  checksum: 10/2d4dc4e64e2db796de4a3c856d5943daccdfa3dd092e452a1ce059c81e9a9c29e0b9badba91b43ef0d5ff5c04ee62feb3bcc559a804e16faf447bac2d883aa99
  languageName: node
  linkType: hard

"std-env@npm:^3.10.0":
  version: 3.10.0
  resolution: "std-env@npm:3.10.0"
  checksum: 10/19c9cda4f370b1ffae2b8b08c72167d8c3e5cfa972aaf5c6873f85d0ed2faa729407f5abb194dc33380708c00315002febb6f1e1b484736bfcf9361ad366013a
  languageName: node
  linkType: hard

"tar@npm:^7.5.2":
  version: 7.5.3
  resolution: "tar@npm:7.5.3"
  dependencies:
    "@isaacs/fs-minipass": "npm:^4.0.0"
    chownr: "npm:^3.0.0"
    minipass: "npm:^7.1.2"
    minizlib: "npm:^3.1.0"
    yallist: "npm:^5.0.0"
  checksum: 10/106b85ef799eb9c2a5d91278b14cdd9486551a5d889a7d88f719513dd7e04b7bd77417df27d3fcb43ef54dda5acc15730e627259164ce245dd968d86fd6ee517
  languageName: node
  linkType: hard

"tinybench@npm:^2.9.0":
  version: 2.9.0
  resolution: "tinybench@npm:2.9.0"
  checksum: 10/cfa1e1418e91289219501703c4693c70708c91ffb7f040fd318d24aef419fb5a43e0c0160df9471499191968b2451d8da7f8087b08c3133c251c40d24aced06c
  languageName: node
  linkType: hard

"tinyexec@npm:^1.0.2":
  version: 1.0.2
  resolution: "tinyexec@npm:1.0.2"
  checksum: 10/cb709ed4240e873d3816e67f851d445f5676e0ae3a52931a60ff571d93d388da09108c8057b62351766133ee05ff3159dd56c3a0fbd39a5933c6639ce8771405
  languageName: node
  linkType: hard

"tinyglobby@npm:^0.2.12, tinyglobby@npm:^0.2.15":
  version: 0.2.15
  resolution: "tinyglobby@npm:0.2.15"
  dependencies:
    fdir: "npm:^6.5.0"
    picomatch: "npm:^4.0.3"
  checksum: 10/d72bd826a8b0fa5fa3929e7fe5ba48fceb2ae495df3a231b6c5408cd7d8c00b58ab5a9c2a76ba56a62ee9b5e083626f1f33599734bed1ffc4b792406408f0ca2
  languageName: node
  linkType: hard

"tinyrainbow@npm:^3.0.3":
  version: 3.0.3
  resolution: "tinyrainbow@npm:3.0.3"
  checksum: 10/169cc63c15e1378674180f3207c82c05bfa58fc79992e48792e8d97b4b759012f48e95297900ede24a81f0087cf329a0d85bb81109739eacf03c650127b3f6c1
  languageName: node
  linkType: hard

"typescript@npm:5.9.3":
  version: 5.9.3
  resolution: "typescript@npm:5.9.3"
  bin:
    tsc: bin/tsc
    tsserver: bin/tsserver
  checksum: 10/c089d9d3da2729fd4ac517f9b0e0485914c4b3c26f80dc0cffcb5de1719a17951e92425d55db59515c1a7ddab65808466debb864d0d56dcf43f27007d0709594
  languageName: node
  linkType: hard

"typescript@patch:typescript@npm%3A5.9.3#optional!builtin<compat/typescript>":
  version: 5.9.3
  resolution: "typescript@patch:typescript@npm%3A5.9.3#optional!builtin<compat/typescript>::version=5.9.3&hash=5786d5"
  bin:
    tsc: bin/tsc
    tsserver: bin/tsserver
  checksum: 10/696e1b017bc2635f4e0c94eb4435357701008e2f272f553d06e35b494b8ddc60aa221145e286c28ace0c89ee32827a28c2040e3a69bdc108b1a5dc8fb40b72e3
  languageName: node
  linkType: hard

"undici-types@npm:~7.16.0":
  version: 7.16.0
  resolution: "undici-types@npm:7.16.0"
  checksum: 10/db43439f69c2d94cc29f75cbfe9de86df87061d6b0c577ebe9bb3255f49b22c50162a7d7eb413b0458b6510b8ca299ac7cff38c3a29fbd31af9f504bcf7fbc0d
  languageName: node
  linkType: hard

"unique-filename@npm:^5.0.0":
  version: 5.0.0
  resolution: "unique-filename@npm:5.0.0"
  dependencies:
    unique-slug: "npm:^6.0.0"
  checksum: 10/a5f67085caef74bdd2a6869a200ed5d68d171f5cc38435a836b5fd12cce4e4eb55e6a190298035c325053a5687ed7a3c96f0a91e82215fd14729769d9ac57d9b
  languageName: node
  linkType: hard

"unique-slug@npm:^6.0.0":
  version: 6.0.0
  resolution: "unique-slug@npm:6.0.0"
  dependencies:
    imurmurhash: "npm:^0.1.4"
  checksum: 10/b78ed9d5b01ff465f80975f17387750ed3639909ac487fa82c4ae4326759f6de87c2131c0c39eca4c68cf06c537a8d104fba1dfc8a30308f99bc505345e1eba3
  languageName: node
  linkType: hard

"vite@npm:^6.0.0 || ^7.0.0":
  version: 7.2.6
  resolution: "vite@npm:7.2.6"
  dependencies:
    esbuild: "npm:^0.25.0"
    fdir: "npm:^6.5.0"
    fsevents: "npm:~2.3.3"
    picomatch: "npm:^4.0.3"
    postcss: "npm:^8.5.6"
    rollup: "npm:^4.43.0"
    tinyglobby: "npm:^0.2.15"
  peerDependencies:
    "@types/node": ^20.19.0 || >=22.12.0
    jiti: ">=1.21.0"
    less: ^4.0.0
    lightningcss: ^1.21.0
    sass: ^1.70.0
    sass-embedded: ^1.70.0
    stylus: ">=0.54.8"
    sugarss: ^5.0.0
    terser: ^5.16.0
    tsx: ^4.8.1
    yaml: ^2.4.2
  dependenciesMeta:
    fsevents:
      optional: true
  peerDependenciesMeta:
    "@types/node":
      optional: true
    jiti:
      optional: true
    less:
      optional: true
    lightningcss:
      optional: true
    sass:
      optional: true
    sass-embedded:
      optional: true
    stylus:
      optional: true
    sugarss:
      optional: true
    terser:
      optional: true
    tsx:
      optional: true
    yaml:
      optional: true
  bin:
    vite: bin/vite.js
  checksum: 10/c640ed9c91957749287af2f483f5b5024a56718ba7cf32b0e2c398772fdf7fdb9fd5f97665c41712d4e9422c14009e283d0b69ac1b64b4f91474625bebe324de
  languageName: node
  linkType: hard

"vitest@npm:4.0.18":
  version: 4.0.18
  resolution: "vitest@npm:4.0.18"
  dependencies:
    "@vitest/expect": "npm:4.0.18"
    "@vitest/mocker": "npm:4.0.18"
    "@vitest/pretty-format": "npm:4.0.18"
    "@vitest/runner": "npm:4.0.18"
    "@vitest/snapshot": "npm:4.0.18"
    "@vitest/spy": "npm:4.0.18"
    "@vitest/utils": "npm:4.0.18"
    es-module-lexer: "npm:^1.7.0"
    expect-type: "npm:^1.2.2"
    magic-string: "npm:^0.30.21"
    obug: "npm:^2.1.1"
    pathe: "npm:^2.0.3"
    picomatch: "npm:^4.0.3"
    std-env: "npm:^3.10.0"
    tinybench: "npm:^2.9.0"
    tinyexec: "npm:^1.0.2"
    tinyglobby: "npm:^0.2.15"
    tinyrainbow: "npm:^3.0.3"
    vite: "npm:^6.0.0 || ^7.0.0"
    why-is-node-running: "npm:^2.3.0"
  peerDependencies:
    "@edge-runtime/vm": "*"
    "@opentelemetry/api": ^1.9.0
    "@types/node": ^20.0.0 || ^22.0.0 || >=24.0.0
    "@vitest/browser-playwright": 4.0.18
    "@vitest/browser-preview": 4.0.18
    "@vitest/browser-webdriverio": 4.0.18
    "@vitest/ui": 4.0.18
    happy-dom: "*"
    jsdom: "*"
  peerDependenciesMeta:
    "@edge-runtime/vm":
      optional: true
    "@opentelemetry/api":
      optional: true
    "@types/node":
      optional: true
    "@vitest/browser-playwright":
      optional: true
    "@vitest/browser-preview":
      optional: true
    "@vitest/browser-webdriverio":
      optional: true
    "@vitest/ui":
      optional: true
    happy-dom:
      optional: true
    jsdom:
      optional: true
  bin:
    vitest: vitest.mjs
  checksum: 10/6c6464ebcf3af83546862896fd1b5f10cb6607261bffce39df60033a288b8c1687ae1dd20002b6e4997a7a05303376d1eb58ce20afe63be052529a4378a8c165
  languageName: node
  linkType: hard

"which@npm:^6.0.0":
  version: 6.0.0
  resolution: "which@npm:6.0.0"
  dependencies:
    isexe: "npm:^3.1.1"
  bin:
    node-which: bin/which.js
  checksum: 10/df19b2cd8aac94b333fa29b42e8e371a21e634a742a3b156716f7752a5afe1d73fb5d8bce9b89326f453d96879e8fe626eb421e0117eb1a3ce9fd8c97f6b7db9
  languageName: node
  linkType: hard

"why-is-node-running@npm:^2.3.0":
  version: 2.3.0
  resolution: "why-is-node-running@npm:2.3.0"
  dependencies:
    siginfo: "npm:^2.0.0"
    stackback: "npm:0.0.2"
  bin:
    why-is-node-running: cli.js
  checksum: 10/0de6e6cd8f2f94a8b5ca44e84cf1751eadcac3ebedcdc6e5fbbe6c8011904afcbc1a2777c53496ec02ced7b81f2e7eda61e76bf8262a8bc3ceaa1f6040508051
  languageName: node
  linkType: hard

"yallist@npm:^4.0.0":
  version: 4.0.0
  resolution: "yallist@npm:4.0.0"
  checksum: 10/4cb02b42b8a93b5cf50caf5d8e9beb409400a8a4d85e83bb0685c1457e9ac0b7a00819e9f5991ac25ffabb56a78e2f017c1acc010b3a1babfe6de690ba531abd
  languageName: node
  linkType: hard

"yallist@npm:^5.0.0":
  version: 5.0.0
  resolution: "yallist@npm:5.0.0"
  checksum: 10/1884d272d485845ad04759a255c71775db0fac56308764b4c77ea56a20d56679fad340213054c8c9c9c26fcfd4c4b2a90df993b7e0aaf3cdb73c618d1d1a802a
  languageName: node
  linkType: hard
