// !$*UTF8*$!
{
	archiveVersion = 1;
	classes = {
	};
	objectVersion = 60;
	objects = {

/* Begin PBXBuildFile section */
		597D534E2B46D385009F2B19 /* Info.plist in Sources */ = {isa = PBXBuildFile; fileRef = 597D534D2B46D0FD009F2B19 /* Info.plist */; };
		59EBAD432B37323200CFC677 /* main.swift in Sources */ = {isa = PBXBuildFile; fileRef = 59EBAD422B37323200CFC677 /* main.swift */; };
		59EBAD4B2B3732AE00CFC677 /* Abtesting in Frameworks */ = {isa = PBXBuildFile; productRef = 59EBAD4A2B3732AE00CFC677 /* Abtesting */; };
		59EBAD4D2B3732AE00CFC677 /* Analytics in Frameworks */ = {isa = PBXBuildFile; productRef = 59EBAD4C2B3732AE00CFC677 /* Analytics */; };
		59EBAD4F2B3732AE00CFC677 /* Ingestion in Frameworks */ = {isa = PBXBuildFile; productRef = 59EBAD4E2B3732AE00CFC677 /* Ingestion */; };
		59EBAD512B3732AE00CFC677 /* Insights in Frameworks */ = {isa = PBXBuildFile; productRef = 59EBAD502B3732AE00CFC677 /* Insights */; };
		59EBAD532B3732AE00CFC677 /* Monitoring in Frameworks */ = {isa = PBXBuildFile; productRef = 59EBAD522B3732AE00CFC677 /* Monitoring */; };
		59EBAD552B3732AE00CFC677 /* Personalization in Frameworks */ = {isa = PBXBuildFile; productRef = 59EBAD542B3732AE00CFC677 /* Personalization */; };
		59EBAD572B3732AE00CFC677 /* QuerySuggestions in Frameworks */ = {isa = PBXBuildFile; productRef = 59EBAD562B3732AE00CFC677 /* QuerySuggestions */; };
		59EBAD592B3732AE00CFC677 /* Recommend in Frameworks */ = {isa = PBXBuildFile; productRef = 59EBAD582B3732AE00CFC677 /* Recommend */; };
		59EBAD5B2B3732AE00CFC677 /* Search in Frameworks */ = {isa = PBXBuildFile; productRef = 59EBAD5A2B3732AE00CFC677 /* Search */; };
/* End PBXBuildFile section */

/* Begin PBXCopyFilesBuildPhase section */
		59EBAD3D2B37323200CFC677 /* CopyFiles */ = {
			isa = PBXCopyFilesBuildPhase;
			buildActionMask = 2147483647;
			dstPath = /usr/share/man/man1/;
			dstSubfolderSpec = 0;
			files = (
			);
			runOnlyForDeploymentPostprocessing = 1;
		};
/* End PBXCopyFilesBuildPhase section */

/* Begin PBXFileReference section */
		597D534D2B46D0FD009F2B19 /* Info.plist */ = {isa = PBXFileReference; fileEncoding = 4; lastKnownFileType = text.plist.xml; path = Info.plist; sourceTree = "<group>"; };
		59EBAD3F2B37323200CFC677 /* playground */ = {isa = PBXFileReference; explicitFileType = "compiled.mach-o.executable"; includeInIndex = 0; path = playground; sourceTree = BUILT_PRODUCTS_DIR; };
		59EBAD422B37323200CFC677 /* main.swift */ = {isa = PBXFileReference; lastKnownFileType = sourcecode.swift; path = main.swift; sourceTree = "<group>"; };
/* End PBXFileReference section */

/* Begin PBXFrameworksBuildPhase section */
		59EBAD3C2B37323200CFC677 /* Frameworks */ = {
			isa = PBXFrameworksBuildPhase;
			buildActionMask = 2147483647;
			files = (
				59EBAD532B3732AE00CFC677 /* Monitoring in Frameworks */,
				59EBAD572B3732AE00CFC677 /* QuerySuggestions in Frameworks */,
				59EBAD4F2B3732AE00CFC677 /* Ingestion in Frameworks */,
				59EBAD592B3732AE00CFC677 /* Recommend in Frameworks */,
				59EBAD512B3732AE00CFC677 /* Insights in Frameworks */,
				59EBAD5B2B3732AE00CFC677 /* Search in Frameworks */,
				59EBAD552B3732AE00CFC677 /* Personalization in Frameworks */,
				59EBAD4B2B3732AE00CFC677 /* Abtesting in Frameworks */,
				59EBAD4D2B3732AE00CFC677 /* Analytics in Frameworks */,
			);
			runOnlyForDeploymentPostprocessing = 0;
		};
/* End PBXFrameworksBuildPhase section */

/* Begin PBXGroup section */
		59EBAD362B37323200CFC677 = {
			isa = PBXGroup;
			children = (
				59EBAD412B37323200CFC677 /* playground */,
				59EBAD402B37323200CFC677 /* Products */,
			);
			sourceTree = "<group>";
		};
		59EBAD402B37323200CFC677 /* Products */ = {
			isa = PBXGroup;
			children = (
				59EBAD3F2B37323200CFC677 /* playground */,
			);
			name = Products;
			sourceTree = "<group>";
		};
		59EBAD412B37323200CFC677 /* playground */ = {
			isa = PBXGroup;
			children = (
				597D534D2B46D0FD009F2B19 /* Info.plist */,
				59EBAD422B37323200CFC677 /* main.swift */,
			);
			path = playground;
			sourceTree = "<group>";
		};
/* End PBXGroup section */

/* Begin PBXNativeTarget section */
		59EBAD3E2B37323200CFC677 /* playground */ = {
			isa = PBXNativeTarget;
			buildConfigurationList = 59EBAD462B37323200CFC677 /* Build configuration list for PBXNativeTarget "playground" */;
			buildPhases = (
				59EBAD3B2B37323200CFC677 /* Sources */,
				59EBAD3C2B37323200CFC677 /* Frameworks */,
				59EBAD3D2B37323200CFC677 /* CopyFiles */,
			);
			buildRules = (
			);
			dependencies = (
			);
			name = playground;
			packageProductDependencies = (
				59EBAD4A2B3732AE00CFC677 /* Abtesting */,
				59EBAD4C2B3732AE00CFC677 /* Analytics */,
				59EBAD4E2B3732AE00CFC677 /* Ingestion */,
				59EBAD502B3732AE00CFC677 /* Insights */,
				59EBAD522B3732AE00CFC677 /* Monitoring */,
				59EBAD542B3732AE00CFC677 /* Personalization */,
				59EBAD562B3732AE00CFC677 /* QuerySuggestions */,
				59EBAD582B3732AE00CFC677 /* Recommend */,
				59EBAD5A2B3732AE00CFC677 /* Search */,
			);
			productName = playground;
			productReference = 59EBAD3F2B37323200CFC677 /* playground */;
			productType = "com.apple.product-type.tool";
		};
/* End PBXNativeTarget section */

/* Begin PBXProject section */
		59EBAD372B37323200CFC677 /* Project object */ = {
			isa = PBXProject;
			attributes = {
				BuildIndependentTargetsInParallel = 1;
				LastSwiftUpdateCheck = 1510;
				LastUpgradeCheck = 1510;
				TargetAttributes = {
					59EBAD3E2B37323200CFC677 = {
						CreatedOnToolsVersion = 15.1;
					};
				};
			};
			buildConfigurationList = 59EBAD3A2B37323200CFC677 /* Build configuration list for PBXProject "playground" */;
			compatibilityVersion = "Xcode 14.0";
			developmentRegion = en;
			hasScannedForEncodings = 0;
			knownRegions = (
				en,
				Base,
			);
			mainGroup = 59EBAD362B37323200CFC677;
			packageReferences = (
				59EBAD492B3732AE00CFC677 /* XCLocalSwiftPackageReference "../../../clients/algoliasearch-client-swift" */,
			);
			productRefGroup = 59EBAD402B37323200CFC677 /* Products */;
			projectDirPath = "";
			projectRoot = "";
			targets = (
				59EBAD3E2B37323200CFC677 /* playground */,
			);
		};
/* End PBXProject section */

/* Begin PBXSourcesBuildPhase section */
		59EBAD3B2B37323200CFC677 /* Sources */ = {
			isa = PBXSourcesBuildPhase;
			buildActionMask = 2147483647;
			files = (
				597D534E2B46D385009F2B19 /* Info.plist in Sources */,
				59EBAD432B37323200CFC677 /* main.swift in Sources */,
			);
			runOnlyForDeploymentPostprocessing = 0;
		};
/* End PBXSourcesBuildPhase section */

/* Begin XCBuildConfiguration section */
		59EBAD442B37323200CFC677 /* Debug */ = {
			isa = XCBuildConfiguration;
			buildSettings = {
				ALWAYS_SEARCH_USER_PATHS = NO;
				ASSETCATALOG_COMPILER_GENERATE_SWIFT_ASSET_SYMBOL_EXTENSIONS = YES;
				CLANG_ANALYZER_NONNULL = YES;
				CLANG_ANALYZER_NUMBER_OBJECT_CONVERSION = YES_AGGRESSIVE;
				CLANG_CXX_LANGUAGE_STANDARD = "gnu++20";
				CLANG_ENABLE_MODULES = YES;
				CLANG_ENABLE_OBJC_ARC = YES;
				CLANG_ENABLE_OBJC_WEAK = YES;
				CLANG_WARN_BLOCK_CAPTURE_AUTORELEASING = YES;
				CLANG_WARN_BOOL_CONVERSION = YES;
				CLANG_WARN_COMMA = YES;
				CLANG_WARN_CONSTANT_CONVERSION = YES;
				CLANG_WARN_DEPRECATED_OBJC_IMPLEMENTATIONS = YES;
				CLANG_WARN_DIRECT_OBJC_ISA_USAGE = YES_ERROR;
				CLANG_WARN_DOCUMENTATION_COMMENTS = YES;
				CLANG_WARN_EMPTY_BODY = YES;
				CLANG_WARN_ENUM_CONVERSION = YES;
				CLANG_WARN_INFINITE_RECURSION = YES;
				CLANG_WARN_INT_CONVERSION = YES;
				CLANG_WARN_NON_LITERAL_NULL_CONVERSION = YES;
				CLANG_WARN_OBJC_IMPLICIT_RETAIN_SELF = YES;
				CLANG_WARN_OBJC_LITERAL_CONVERSION = YES;
				CLANG_WARN_OBJC_ROOT_CLASS = YES_ERROR;
				CLANG_WARN_QUOTED_INCLUDE_IN_FRAMEWORK_HEADER = YES;
				CLANG_WARN_RANGE_LOOP_ANALYSIS = YES;
				CLANG_WARN_STRICT_PROTOTYPES = YES;
				CLANG_WARN_SUSPICIOUS_MOVE = YES;
				CLANG_WARN_UNGUARDED_AVAILABILITY = YES_AGGRESSIVE;
				CLANG_WARN_UNREACHABLE_CODE = YES;
				CLANG_WARN__DUPLICATE_METHOD_MATCH = YES;
				COPY_PHASE_STRIP = NO;
				DEBUG_INFORMATION_FORMAT = dwarf;
				ENABLE_STRICT_OBJC_MSGSEND = YES;
				ENABLE_TESTABILITY = YES;
				ENABLE_USER_SCRIPT_SANDBOXING = YES;
				GCC_C_LANGUAGE_STANDARD = gnu17;
				GCC_DYNAMIC_NO_PIC = NO;
				GCC_NO_COMMON_BLOCKS = YES;
				GCC_OPTIMIZATION_LEVEL = 0;
				GCC_PREPROCESSOR_DEFINITIONS = (
					"DEBUG=1",
					"$(inherited)",
				);
				GCC_WARN_64_TO_32_BIT_CONVERSION = YES;
				GCC_WARN_ABOUT_RETURN_TYPE = YES_ERROR;
				GCC_WARN_UNDECLARED_SELECTOR = YES;
				GCC_WARN_UNINITIALIZED_AUTOS = YES_AGGRESSIVE;
				GCC_WARN_UNUSED_FUNCTION = YES;
				GCC_WARN_UNUSED_VARIABLE = YES;
				LOCALIZATION_PREFERS_STRING_CATALOGS = YES;
				MACOSX_DEPLOYMENT_TARGET = 14.0;
				MTL_ENABLE_DEBUG_INFO = INCLUDE_SOURCE;
				MTL_FAST_MATH = YES;
				ONLY_ACTIVE_ARCH = YES;
				SDKROOT = macosx;
				SWIFT_ACTIVE_COMPILATION_CONDITIONS = "DEBUG $(inherited)";
				SWIFT_OPTIMIZATION_LEVEL = "-Onone";
			};
			name = Debug;
		};
		59EBAD452B37323200CFC677 /* Release */ = {
			isa = XCBuildConfiguration;
			buildSettings = {
				ALWAYS_SEARCH_USER_PATHS = NO;
				ASSETCATALOG_COMPILER_GENERATE_SWIFT_ASSET_SYMBOL_EXTENSIONS = YES;
				CLANG_ANALYZER_NONNULL = YES;
				CLANG_ANALYZER_NUMBER_OBJECT_CONVERSION = YES_AGGRESSIVE;
				CLANG_CXX_LANGUAGE_STANDARD = "gnu++20";
				CLANG_ENABLE_MODULES = YES;
				CLANG_ENABLE_OBJC_ARC = YES;
				CLANG_ENABLE_OBJC_WEAK = YES;
				CLANG_WARN_BLOCK_CAPTURE_AUTORELEASING = YES;
				CLANG_WARN_BOOL_CONVERSION = YES;
				CLANG_WARN_COMMA = YES;
				CLANG_WARN_CONSTANT_CONVERSION = YES;
				CLANG_WARN_DEPRECATED_OBJC_IMPLEMENTATIONS = YES;
				CLANG_WARN_DIRECT_OBJC_ISA_USAGE = YES_ERROR;
				CLANG_WARN_DOCUMENTATION_COMMENTS = YES;
				CLANG_WARN_EMPTY_BODY = YES;
				CLANG_WARN_ENUM_CONVERSION = YES;
				CLANG_WARN_INFINITE_RECURSION = YES;
				CLANG_WARN_INT_CONVERSION = YES;
				CLANG_WARN_NON_LITERAL_NULL_CONVERSION = YES;
				CLANG_WARN_OBJC_IMPLICIT_RETAIN_SELF = YES;
				CLANG_WARN_OBJC_LITERAL_CONVERSION = YES;
				CLANG_WARN_OBJC_ROOT_CLASS = YES_ERROR;
				CLANG_WARN_QUOTED_INCLUDE_IN_FRAMEWORK_HEADER = YES;
				CLANG_WARN_RANGE_LOOP_ANALYSIS = YES;
				CLANG_WARN_STRICT_PROTOTYPES = YES;
				CLANG_WARN_SUSPICIOUS_MOVE = YES;
				CLANG_WARN_UNGUARDED_AVAILABILITY = YES_AGGRESSIVE;
				CLANG_WARN_UNREACHABLE_CODE = YES;
				CLANG_WARN__DUPLICATE_METHOD_MATCH = YES;
				COPY_PHASE_STRIP = NO;
				DEBUG_INFORMATION_FORMAT = "dwarf-with-dsym";
				ENABLE_NS_ASSERTIONS = NO;
				ENABLE_STRICT_OBJC_MSGSEND = YES;
				ENABLE_USER_SCRIPT_SANDBOXING = YES;
				GCC_C_LANGUAGE_STANDARD = gnu17;
				GCC_NO_COMMON_BLOCKS = YES;
				GCC_WARN_64_TO_32_BIT_CONVERSION = YES;
				GCC_WARN_ABOUT_RETURN_TYPE = YES_ERROR;
				GCC_WARN_UNDECLARED_SELECTOR = YES;
				GCC_WARN_UNINITIALIZED_AUTOS = YES_AGGRESSIVE;
				GCC_WARN_UNUSED_FUNCTION = YES;
				GCC_WARN_UNUSED_VARIABLE = YES;
				LOCALIZATION_PREFERS_STRING_CATALOGS = YES;
				MACOSX_DEPLOYMENT_TARGET = 14.0;
				MTL_ENABLE_DEBUG_INFO = NO;
				MTL_FAST_MATH = YES;
				SDKROOT = macosx;
				SWIFT_COMPILATION_MODE = wholemodule;
			};
			name = Release;
		};
		59EBAD472B37323200CFC677 /* Debug */ = {
			isa = XCBuildConfiguration;
			buildSettings = {
				"CODE_SIGN_IDENTITY[sdk=macosx*]" = "-";
				CODE_SIGN_STYLE = Automatic;
				DEVELOPMENT_TEAM = HR7479Y2D4;
				ENABLE_HARDENED_RUNTIME = YES;
				INFOPLIST_FILE = "$(SRCROOT)/playground/Info.plist";
				PRODUCT_BUNDLE_IDENTIFIER = com.algolia.playground;
				PRODUCT_NAME = "$(TARGET_NAME)";
				SWIFT_VERSION = 5.0;
			};
			name = Debug;
		};
		59EBAD482B37323200CFC677 /* Release */ = {
			isa = XCBuildConfiguration;
			buildSettings = {
				"CODE_SIGN_IDENTITY[sdk=macosx*]" = "-";
				CODE_SIGN_STYLE = Automatic;
				DEVELOPMENT_TEAM = HR7479Y2D4;
				ENABLE_HARDENED_RUNTIME = YES;
				INFOPLIST_FILE = "$(SRCROOT)/playground/Info.plist";
				PRODUCT_BUNDLE_IDENTIFIER = com.algolia.playground;
				PRODUCT_NAME = "$(TARGET_NAME)";
				SWIFT_VERSION = 5.0;
			};
			name = Release;
		};
/* End XCBuildConfiguration section */

/* Begin XCConfigurationList section */
		59EBAD3A2B37323200CFC677 /* Build configuration list for PBXProject "playground" */ = {
			isa = XCConfigurationList;
			buildConfigurations = (
				59EBAD442B37323200CFC677 /* Debug */,
				59EBAD452B37323200CFC677 /* Release */,
			);
			defaultConfigurationIsVisible = 0;
			defaultConfigurationName = Release;
		};
		59EBAD462B37323200CFC677 /* Build configuration list for PBXNativeTarget "playground" */ = {
			isa = XCConfigurationList;
			buildConfigurations = (
				59EBAD472B37323200CFC677 /* Debug */,
				59EBAD482B37323200CFC677 /* Release */,
			);
			defaultConfigurationIsVisible = 0;
			defaultConfigurationName = Release;
		};
/* End XCConfigurationList section */

/* Begin XCLocalSwiftPackageReference section */
		59EBAD492B3732AE00CFC677 /* XCLocalSwiftPackageReference "../../../clients/algoliasearch-client-swift" */ = {
			isa = XCLocalSwiftPackageReference;
			relativePath = "../../../clients/algoliasearch-client-swift";
		};
/* End XCLocalSwiftPackageReference section */

/* Begin XCSwiftPackageProductDependency section */
		59EBAD4A2B3732AE00CFC677 /* Abtesting */ = {
			isa = XCSwiftPackageProductDependency;
			productName = Abtesting;
		};
		59EBAD4C2B3732AE00CFC677 /* Analytics */ = {
			isa = XCSwiftPackageProductDependency;
			productName = Analytics;
		};
		59EBAD4E2B3732AE00CFC677 /* Ingestion */ = {
			isa = XCSwiftPackageProductDependency;
			productName = Ingestion;
		};
		59EBAD502B3732AE00CFC677 /* Insights */ = {
			isa = XCSwiftPackageProductDependency;
			productName = Insights;
		};
		59EBAD522B3732AE00CFC677 /* Monitoring */ = {
			isa = XCSwiftPackageProductDependency;
			productName = Monitoring;
		};
		59EBAD542B3732AE00CFC677 /* Personalization */ = {
			isa = XCSwiftPackageProductDependency;
			productName = Personalization;
		};
		59EBAD562B3732AE00CFC677 /* QuerySuggestions */ = {
			isa = XCSwiftPackageProductDependency;
			productName = QuerySuggestions;
		};
		59EBAD582B3732AE00CFC677 /* Recommend */ = {
			isa = XCSwiftPackageProductDependency;
			productName = Recommend;
		};
		59EBAD5A2B3732AE00CFC677 /* Search */ = {
			isa = XCSwiftPackageProductDependency;
			productName = Search;
		};
/* End XCSwiftPackageProductDependency section */
	};
	rootObject = 59EBAD372B37323200CFC677 /* Project object */;
}
