# This file is generated by running "yarn install" inside your project.
# Manual changes might be lost - proceed with caution!

__metadata:
  version: 6
  cacheKey: 8

"@algolia/cache-browser-local-storage@npm:4.14.2":
  version: 4.14.2
  resolution: "@algolia/cache-browser-local-storage@npm:4.14.2"
  dependencies:
    "@algolia/cache-common": 4.14.2
  checksum: e7d5f43ff01df5f21a2b5304b5d8f8ae25f2c6093e83e79556cb78ae07f342111ba77eba633b837b5b74a17293ea6a208acb1ade71782baafa9c2da7d58ee45c
  languageName: node
  linkType: hard

"@algolia/cache-common@npm:4.14.2":
  version: 4.14.2
  resolution: "@algolia/cache-common@npm:4.14.2"
  checksum: 4fd04c714aee19f6eaaac4ae7e00e914a44473af9a84cf3c4260e436c6ea20f5590e05e9006d963372d84ce57268776811fcb929d79e0415b59d74779bd31ee7
  languageName: node
  linkType: hard

"@algolia/cache-in-memory@npm:4.14.2":
  version: 4.14.2
  resolution: "@algolia/cache-in-memory@npm:4.14.2"
  dependencies:
    "@algolia/cache-common": 4.14.2
  checksum: d6981f812a368a38db21e52c98ec81a5c0eda5d896377f7bdcc04a0be1673ac9e184836d7973065fab84dc947a63fe959586468fc14b9a87e32f916959df6222
  languageName: node
  linkType: hard

"@algolia/client-abtesting@npm:5.0.0-alpha.11":
  version: 5.0.0-alpha.11
  resolution: "@algolia/client-abtesting@npm:5.0.0-alpha.11"
  dependencies:
    "@algolia/client-common": 5.0.0-alpha.11
    "@algolia/requester-browser-xhr": 5.0.0-alpha.11
    "@algolia/requester-node-http": 5.0.0-alpha.11
  checksum: 092e6503c209879b4158ece83cb9e0899690a5345b2783cb0b468920d455d6c8f8e20c8473a6fbcb7b8ebebe7536df299151d0ad3ba72ee28f043acd82c076c4
  languageName: node
  linkType: hard

"@algolia/client-account@npm:4.14.2":
  version: 4.14.2
  resolution: "@algolia/client-account@npm:4.14.2"
  dependencies:
    "@algolia/client-common": 4.14.2
    "@algolia/client-search": 4.14.2
    "@algolia/transporter": 4.14.2
  checksum: 2e9eed5a4b8434775af87899bda8140d51eb2dd0cf08fc49370a4dc9541c220db9b241976dad14ae5d07a25f7ddafd9759a2eb462788f21a20f14e04968f98a4
  languageName: node
  linkType: hard

"@algolia/client-analytics@npm:4.14.2":
  version: 4.14.2
  resolution: "@algolia/client-analytics@npm:4.14.2"
  dependencies:
    "@algolia/client-common": 4.14.2
    "@algolia/client-search": 4.14.2
    "@algolia/requester-common": 4.14.2
    "@algolia/transporter": 4.14.2
  checksum: 61874e026c9d08dd628da443b5b34d1a3bb707a0283e727d94ee6d61057631039c5cf6303e6234cc6fbe84ff71c2758f952b664277715ca5761819aec73e7aad
  languageName: node
  linkType: hard

"@algolia/client-analytics@npm:5.0.0-alpha.11":
  version: 5.0.0-alpha.11
  resolution: "@algolia/client-analytics@npm:5.0.0-alpha.11"
  dependencies:
    "@algolia/client-common": 5.0.0-alpha.11
    "@algolia/requester-browser-xhr": 5.0.0-alpha.11
    "@algolia/requester-node-http": 5.0.0-alpha.11
  checksum: a3e6e1c39246fd48753006d9cd3cb0ce8dda063bf6e4dcb2be75a31d2b26fefc33eb0081afe35027beb0d59201be1a3db5b250181e2ec422abc3d5d8a3e4346d
  languageName: node
  linkType: hard

"@algolia/client-common@npm:4.14.2":
  version: 4.14.2
  resolution: "@algolia/client-common@npm:4.14.2"
  dependencies:
    "@algolia/requester-common": 4.14.2
    "@algolia/transporter": 4.14.2
  checksum: da2be279ac51e1b43c02c6d2bbf0d9cc8b1cb3250ad10a803fca609bcfb8164a8adc21281b599fd8aa322c04deea77d2f07adcae1a363952559472e781e26c71
  languageName: node
  linkType: hard

"@algolia/client-common@npm:5.0.0-alpha.11":
  version: 5.0.0-alpha.11
  resolution: "@algolia/client-common@npm:5.0.0-alpha.11"
  checksum: e4e41abaa6655d5213240cb05e00345d1f6b1679ef4008a332c65049ec95e1c6750619640208195e2e71c8a9490bb13d48e346fdc9659037dc65ee066b6fe9cd
  languageName: node
  linkType: hard

"@algolia/client-personalization@npm:4.14.2":
  version: 4.14.2
  resolution: "@algolia/client-personalization@npm:4.14.2"
  dependencies:
    "@algolia/client-common": 4.14.2
    "@algolia/requester-common": 4.14.2
    "@algolia/transporter": 4.14.2
  checksum: 0dd25c84a40fe9853d14fadc3c8893e84bee370b5a3eb6730afe816afe1f92b970096d2dfb68073f606fa074fdeb66c3a73811d9a9a9774af5311f34d939fd72
  languageName: node
  linkType: hard

"@algolia/client-personalization@npm:5.0.0-alpha.11":
  version: 5.0.0-alpha.11
  resolution: "@algolia/client-personalization@npm:5.0.0-alpha.11"
  dependencies:
    "@algolia/client-common": 5.0.0-alpha.11
    "@algolia/requester-browser-xhr": 5.0.0-alpha.11
    "@algolia/requester-node-http": 5.0.0-alpha.11
  checksum: 387046f02d9a77e580725b0dfc79988733f9cde95b52c5a0b747cf67ccda97913f51e27da5a8eab5553bb717f51fd19f01f817a5415c3ab00b61c35a8bfb6269
  languageName: node
  linkType: hard

"@algolia/client-search@npm:4.14.2":
  version: 4.14.2
  resolution: "@algolia/client-search@npm:4.14.2"
  dependencies:
    "@algolia/client-common": 4.14.2
    "@algolia/requester-common": 4.14.2
    "@algolia/transporter": 4.14.2
  checksum: 2695bc9e8c98badb601b915dbb075dd92996af350b0e4915a7a3b7825bd45f20815534debcfcb51bb7f682ba5d09f3c41918edb36e0a7f7bb154d3b205825f65
  languageName: node
  linkType: hard

"@algolia/client-search@npm:5.0.0-alpha.11":
  version: 5.0.0-alpha.11
  resolution: "@algolia/client-search@npm:5.0.0-alpha.11"
  dependencies:
    "@algolia/client-common": 5.0.0-alpha.11
    "@algolia/requester-browser-xhr": 5.0.0-alpha.11
    "@algolia/requester-node-http": 5.0.0-alpha.11
  checksum: c9c6eecf333cc1cab39187745abef276410dfabef7650417d73c0a06efd609293aac977e32513ce7e177c0aa43c8bf7da0642255514485371522d2d1120c191b
  languageName: node
  linkType: hard

"@algolia/logger-common@npm:4.14.2":
  version: 4.14.2
  resolution: "@algolia/logger-common@npm:4.14.2"
  checksum: a4000a98831d64c8d826ccece9f5f3a77bc000d93d74a7c6b51f186d3dfd96c0bb00934f70c69da8f3c4dfb9f30ce55ab59aca9ba79c3cc3e924597838a94429
  languageName: node
  linkType: hard

"@algolia/logger-console@npm:4.14.2":
  version: 4.14.2
  resolution: "@algolia/logger-console@npm:4.14.2"
  dependencies:
    "@algolia/logger-common": 4.14.2
  checksum: 96c6209c7ef72cbc170b180f5b84c6523a5b6f4dea978c982577d2417eb19eb9c9ea3bc73089ced692a05bec141d66fd6d5401458d0aa162dbcace5017dbd127
  languageName: node
  linkType: hard

"@algolia/requester-browser-xhr@npm:4.14.2":
  version: 4.14.2
  resolution: "@algolia/requester-browser-xhr@npm:4.14.2"
  dependencies:
    "@algolia/requester-common": 4.14.2
  checksum: 7d8666e21cd0d15dc2e25f6917464c2f98cf73e0d2fced94cc6a3c4e97a990b8b93d9531bbf6f3b1ff2342b9ce9760d1dcb64dbbf61a5f2c31fe4f42541deef2
  languageName: node
  linkType: hard

"@algolia/requester-browser-xhr@npm:5.0.0-alpha.11":
  version: 5.0.0-alpha.11
  resolution: "@algolia/requester-browser-xhr@npm:5.0.0-alpha.11"
  dependencies:
    "@algolia/client-common": 5.0.0-alpha.11
  checksum: 571ce620789ef9feed11e57d447e679d78e58b813c4394870d213915779e09a473aaa05e1b5864743f4edbd3cb53ca03f0adc9a4142453925e21f9ae25bc3524
  languageName: node
  linkType: hard

"@algolia/requester-common@npm:4.14.2":
  version: 4.14.2
  resolution: "@algolia/requester-common@npm:4.14.2"
  checksum: 7de4148a55db56fe2bf18c1359cccbc2f41031fe2bfbc945d75f143b854638c51e7ec2ef9c6dc69b38d5edb87cd096ce5d7087680da32825562db79026ea39cc
  languageName: node
  linkType: hard

"@algolia/requester-node-http@npm:4.14.2":
  version: 4.14.2
  resolution: "@algolia/requester-node-http@npm:4.14.2"
  dependencies:
    "@algolia/requester-common": 4.14.2
  checksum: 5f5fe8b040f73bd95c6bdb5b97396e078b629b2b4cd93fea671d545be375c79501c65296c34824f0ff8368b5b51edc7a6ad9e694b04223c1416dcda869c6f566
  languageName: node
  linkType: hard

"@algolia/requester-node-http@npm:5.0.0-alpha.11":
  version: 5.0.0-alpha.11
  resolution: "@algolia/requester-node-http@npm:5.0.0-alpha.11"
  dependencies:
    "@algolia/client-common": 5.0.0-alpha.11
  checksum: d26814f74555f48771f6492c20114c27a9eb8f71a0b5fdecfa85781174d2b449a1922d2ec11739010cbb925bd45973cce3d0dcc6ab77e49462ef9725d31d73b8
  languageName: node
  linkType: hard

"@algolia/transporter@npm:4.14.2":
  version: 4.14.2
  resolution: "@algolia/transporter@npm:4.14.2"
  dependencies:
    "@algolia/cache-common": 4.14.2
    "@algolia/logger-common": 4.14.2
    "@algolia/requester-common": 4.14.2
  checksum: 72c72013f3edb4d4484e7a43fb3c2555646ab04f422249514ed0309e20f41f5563f4c4dcf5623ca64c293624ecc74f87acaf2d9820e8c829cb5de067bdfe0257
  languageName: node
  linkType: hard

"@arrows/array@npm:^1.4.1":
  version: 1.4.1
  resolution: "@arrows/array@npm:1.4.1"
  dependencies:
    "@arrows/composition": ^1.2.2
  checksum: 39de47a49709376d91360955665f5cc33ad6fce85125a5b1fde777bf963bd2d053cc77a587253a55e6f4241a75ad7db991aacc26eb36edb7a746d824eb8ebd8a
  languageName: node
  linkType: hard

"@arrows/composition@npm:^1.0.0, @arrows/composition@npm:^1.2.2":
  version: 1.2.2
  resolution: "@arrows/composition@npm:1.2.2"
  checksum: 3219e9a4e220c9778d8919fef329608b9966667b61f26e403d368646ebc65d96b68abcb7a73621992baad678e444ceb36914f1f2db2d6502ddfe738e9230e737
  languageName: node
  linkType: hard

"@arrows/dispatch@npm:^1.0.2":
  version: 1.0.3
  resolution: "@arrows/dispatch@npm:1.0.3"
  dependencies:
    "@arrows/composition": ^1.2.2
  checksum: 2bd0b1ad5345b056cd300b63eedf3a1b9f17e8f891a5b5d1e70e9a3d8c426ec05828c38cd437f742e75387fbc98b3082fef23f62fe97688b63d060376d50dcd9
  languageName: node
  linkType: hard

"@arrows/error@npm:^1.0.2":
  version: 1.0.2
  resolution: "@arrows/error@npm:1.0.2"
  checksum: 35ad67e8d2781879a22711f5c7ba3907d6772ff42b24abc8b94b5165414e802f6c207f2024f50508c8f40637465a91da268ebf321c0eef5aaf44fc3d4acc7a58
  languageName: node
  linkType: hard

"@arrows/multimethod@npm:^1.1.6":
  version: 1.4.1
  resolution: "@arrows/multimethod@npm:1.4.1"
  dependencies:
    "@arrows/array": ^1.4.1
    "@arrows/composition": ^1.2.2
    "@arrows/error": ^1.0.2
    fast-deep-equal: ^3.1.3
  checksum: 2a3a6b62debb163448ce1e90c9a0508866e605895967a67ef3c65f5248e5e7318ae95a92d4a62aff0518eea63755cc0467deb3265c3c9b41e00a892802ae729a
  languageName: node
  linkType: hard

"algoliasearch@npm:4.14.2":
  version: 4.14.2
  resolution: "algoliasearch@npm:4.14.2"
  dependencies:
    "@algolia/cache-browser-local-storage": 4.14.2
    "@algolia/cache-common": 4.14.2
    "@algolia/cache-in-memory": 4.14.2
    "@algolia/client-account": 4.14.2
    "@algolia/client-analytics": 4.14.2
    "@algolia/client-common": 4.14.2
    "@algolia/client-personalization": 4.14.2
    "@algolia/client-search": 4.14.2
    "@algolia/logger-common": 4.14.2
    "@algolia/logger-console": 4.14.2
    "@algolia/requester-browser-xhr": 4.14.2
    "@algolia/requester-common": 4.14.2
    "@algolia/requester-node-http": 4.14.2
    "@algolia/transporter": 4.14.2
  checksum: 4365a0d0f066f3ad6798e4dd0d7487cba1cf4546dac27e66cb84865f91955d6537dc5bad4e71d4bf22a68c0b721b1e6f20109203566ca1a252fe2713d713c0fd
  languageName: node
  linkType: hard

"algoliasearch@npm:5.0.0-alpha.11":
  version: 5.0.0-alpha.11
  resolution: "algoliasearch@npm:5.0.0-alpha.11"
  dependencies:
    "@algolia/client-abtesting": 5.0.0-alpha.11
    "@algolia/client-analytics": 5.0.0-alpha.11
    "@algolia/client-common": 5.0.0-alpha.11
    "@algolia/client-personalization": 5.0.0-alpha.11
    "@algolia/client-search": 5.0.0-alpha.11
    "@algolia/requester-browser-xhr": 5.0.0-alpha.11
    "@algolia/requester-node-http": 5.0.0-alpha.11
  checksum: 4e83b482fa86c3df93c757e8119f21d68d9b765724a785ccc027477c062a6296d807f4697309fef4f1a4e5772cf54a145421c070393c911443615c91ee7c4081
  languageName: node
  linkType: hard

"ansi-escapes@npm:^4.3.0":
  version: 4.3.2
  resolution: "ansi-escapes@npm:4.3.2"
  dependencies:
    type-fest: ^0.21.3
  checksum: 93111c42189c0a6bed9cdb4d7f2829548e943827ee8479c74d6e0b22ee127b2a21d3f8b5ca57723b8ef78ce011fbfc2784350eb2bde3ccfccf2f575fa8489815
  languageName: node
  linkType: hard

"ansi-regex@npm:^5.0.1":
  version: 5.0.1
  resolution: "ansi-regex@npm:5.0.1"
  checksum: 2aa4bb54caf2d622f1afdad09441695af2a83aa3fe8b8afa581d205e57ed4261c183c4d3877cee25794443fde5876417d859c108078ab788d6af7e4fe52eb66b
  languageName: node
  linkType: hard

"ansi-styles@npm:^4.0.0":
  version: 4.3.0
  resolution: "ansi-styles@npm:4.3.0"
  dependencies:
    color-convert: ^2.0.1
  checksum: 513b44c3b2105dd14cc42a19271e80f386466c4be574bccf60b627432f9198571ebf4ab1e4c3ba17347658f4ee1711c163d574248c0c1cdc2d5917a0ad582ec4
  languageName: node
  linkType: hard

"astral-regex@npm:^2.0.0":
  version: 2.0.0
  resolution: "astral-regex@npm:2.0.0"
  checksum: 876231688c66400473ba505731df37ea436e574dd524520294cc3bbc54ea40334865e01fa0d074d74d036ee874ee7e62f486ea38bc421ee8e6a871c06f011766
  languageName: node
  linkType: hard

"benchmark@npm:^2.1.4":
  version: 2.1.4
  resolution: "benchmark@npm:2.1.4"
  dependencies:
    lodash: ^4.17.4
    platform: ^1.3.3
  checksum: aa466561d4f2b0a2419a3069b8f90fd35ffacf26849697eea9de525ecfbd10b44da11070cc51c88d772076db8cb2415641b493de7d6c024fdf8551019c6fcf1c
  languageName: node
  linkType: hard

"benchmark@workspace:.":
  version: 0.0.0-use.local
  resolution: "benchmark@workspace:."
  dependencies:
    algoliasearch: 5.0.0-alpha.11
    benny: 3.7.1
  languageName: unknown
  linkType: soft

"benny@npm:3.7.1":
  version: 3.7.1
  resolution: "benny@npm:3.7.1"
  dependencies:
    "@arrows/composition": ^1.0.0
    "@arrows/dispatch": ^1.0.2
    "@arrows/multimethod": ^1.1.6
    benchmark: ^2.1.4
    common-tags: ^1.8.0
    fs-extra: ^10.0.0
    json2csv: ^5.0.6
    kleur: ^4.1.4
    log-update: ^4.0.0
  checksum: 8dcca91afb6e97b986a16fc73a2a12b2d51c306dc1e9fca6ace988b3ca26405dffcb85309083a449d27cfab440d8164b5cff3a0deba034879da401305412af34
  languageName: node
  linkType: hard

"cli-cursor@npm:^3.1.0":
  version: 3.1.0
  resolution: "cli-cursor@npm:3.1.0"
  dependencies:
    restore-cursor: ^3.1.0
  checksum: 2692784c6cd2fd85cfdbd11f53aea73a463a6d64a77c3e098b2b4697a20443f430c220629e1ca3b195ea5ac4a97a74c2ee411f3807abf6df2b66211fec0c0a29
  languageName: node
  linkType: hard

"color-convert@npm:^2.0.1":
  version: 2.0.1
  resolution: "color-convert@npm:2.0.1"
  dependencies:
    color-name: ~1.1.4
  checksum: 79e6bdb9fd479a205c71d89574fccfb22bd9053bd98c6c4d870d65c132e5e904e6034978e55b43d69fcaa7433af2016ee203ce76eeba9cfa554b373e7f7db336
  languageName: node
  linkType: hard

"color-name@npm:~1.1.4":
  version: 1.1.4
  resolution: "color-name@npm:1.1.4"
  checksum: b0445859521eb4021cd0fb0cc1a75cecf67fceecae89b63f62b201cca8d345baf8b952c966862a9d9a2632987d4f6581f0ec8d957dfacece86f0a7919316f610
  languageName: node
  linkType: hard

"commander@npm:^6.1.0":
  version: 6.2.1
  resolution: "commander@npm:6.2.1"
  checksum: d7090410c0de6bc5c67d3ca41c41760d6d268f3c799e530aafb73b7437d1826bbf0d2a3edac33f8b57cc9887b4a986dce307fa5557e109be40eadb7c43b21742
  languageName: node
  linkType: hard

"common-tags@npm:^1.8.0":
  version: 1.8.2
  resolution: "common-tags@npm:1.8.2"
  checksum: 767a6255a84bbc47df49a60ab583053bb29a7d9687066a18500a516188a062c4e4cd52de341f22de0b07062e699b1b8fe3cfa1cb55b241cb9301aeb4f45b4dff
  languageName: node
  linkType: hard

"emoji-regex@npm:^8.0.0":
  version: 8.0.0
  resolution: "emoji-regex@npm:8.0.0"
  checksum: d4c5c39d5a9868b5fa152f00cada8a936868fd3367f33f71be515ecee4c803132d11b31a6222b2571b1e5f7e13890156a94880345594d0ce7e3c9895f560f192
  languageName: node
  linkType: hard

"fast-deep-equal@npm:^3.1.3":
  version: 3.1.3
  resolution: "fast-deep-equal@npm:3.1.3"
  checksum: e21a9d8d84f53493b6aa15efc9cfd53dd5b714a1f23f67fb5dc8f574af80df889b3bce25dc081887c6d25457cce704e636395333abad896ccdec03abaf1f3f9d
  languageName: node
  linkType: hard

"fs-extra@npm:^10.0.0":
  version: 10.1.0
  resolution: "fs-extra@npm:10.1.0"
  dependencies:
    graceful-fs: ^4.2.0
    jsonfile: ^6.0.1
    universalify: ^2.0.0
  checksum: dc94ab37096f813cc3ca12f0f1b5ad6744dfed9ed21e953d72530d103cea193c2f81584a39e9dee1bea36de5ee66805678c0dddc048e8af1427ac19c00fffc50
  languageName: node
  linkType: hard

"graceful-fs@npm:^4.1.6, graceful-fs@npm:^4.2.0":
  version: 4.2.10
  resolution: "graceful-fs@npm:4.2.10"
  checksum: 3f109d70ae123951905d85032ebeae3c2a5a7a997430df00ea30df0e3a6c60cf6689b109654d6fdacd28810a053348c4d14642da1d075049e6be1ba5216218da
  languageName: node
  linkType: hard

"is-fullwidth-code-point@npm:^3.0.0":
  version: 3.0.0
  resolution: "is-fullwidth-code-point@npm:3.0.0"
  checksum: 44a30c29457c7fb8f00297bce733f0a64cd22eca270f83e58c105e0d015e45c019491a4ab2faef91ab51d4738c670daff901c799f6a700e27f7314029e99e348
  languageName: node
  linkType: hard

"json2csv@npm:^5.0.6":
  version: 5.0.7
  resolution: "json2csv@npm:5.0.7"
  dependencies:
    commander: ^6.1.0
    jsonparse: ^1.3.1
    lodash.get: ^4.4.2
  bin:
    json2csv: bin/json2csv.js
  checksum: 81b511e4f5abba1dcda90593c193d15e5f05f1def91377b6289536e31fdb629889da6a2b4612b9ff699116a29b1758d20c0d71f7921fcfb09863da5b2d883139
  languageName: node
  linkType: hard

"jsonfile@npm:^6.0.1":
  version: 6.1.0
  resolution: "jsonfile@npm:6.1.0"
  dependencies:
    graceful-fs: ^4.1.6
    universalify: ^2.0.0
  dependenciesMeta:
    graceful-fs:
      optional: true
  checksum: 7af3b8e1ac8fe7f1eccc6263c6ca14e1966fcbc74b618d3c78a0a2075579487547b94f72b7a1114e844a1e15bb00d440e5d1720bfc4612d790a6f285d5ea8354
  languageName: node
  linkType: hard

"jsonparse@npm:^1.3.1":
  version: 1.3.1
  resolution: "jsonparse@npm:1.3.1"
  checksum: 6514a7be4674ebf407afca0eda3ba284b69b07f9958a8d3113ef1005f7ec610860c312be067e450c569aab8b89635e332cee3696789c750692bb60daba627f4d
  languageName: node
  linkType: hard

"kleur@npm:^4.1.4":
  version: 4.1.5
  resolution: "kleur@npm:4.1.5"
  checksum: 1dc476e32741acf0b1b5b0627ffd0d722e342c1b0da14de3e8ae97821327ca08f9fb944542fb3c126d90ac5f27f9d804edbe7c585bf7d12ef495d115e0f22c12
  languageName: node
  linkType: hard

"lodash.get@npm:^4.4.2":
  version: 4.4.2
  resolution: "lodash.get@npm:4.4.2"
  checksum: e403047ddb03181c9d0e92df9556570e2b67e0f0a930fcbbbd779370972368f5568e914f913e93f3b08f6d492abc71e14d4e9b7a18916c31fa04bd2306efe545
  languageName: node
  linkType: hard

"lodash@npm:^4.17.4":
  version: 4.17.21
  resolution: "lodash@npm:4.17.21"
  checksum: eb835a2e51d381e561e508ce932ea50a8e5a68f4ebdd771ea240d3048244a8d13658acbd502cd4829768c56f2e16bdd4340b9ea141297d472517b83868e677f7
  languageName: node
  linkType: hard

"log-update@npm:^4.0.0":
  version: 4.0.0
  resolution: "log-update@npm:4.0.0"
  dependencies:
    ansi-escapes: ^4.3.0
    cli-cursor: ^3.1.0
    slice-ansi: ^4.0.0
    wrap-ansi: ^6.2.0
  checksum: ae2f85bbabc1906034154fb7d4c4477c79b3e703d22d78adee8b3862fa913942772e7fa11713e3d96fb46de4e3cabefbf5d0a544344f03b58d3c4bff52aa9eb2
  languageName: node
  linkType: hard

"mimic-fn@npm:^2.1.0":
  version: 2.1.0
  resolution: "mimic-fn@npm:2.1.0"
  checksum: d2421a3444848ce7f84bd49115ddacff29c15745db73f54041edc906c14b131a38d05298dae3081667627a59b2eb1ca4b436ff2e1b80f69679522410418b478a
  languageName: node
  linkType: hard

"onetime@npm:^5.1.0":
  version: 5.1.2
  resolution: "onetime@npm:5.1.2"
  dependencies:
    mimic-fn: ^2.1.0
  checksum: 2478859ef817fc5d4e9c2f9e5728512ddd1dbc9fb7829ad263765bb6d3b91ce699d6e2332eef6b7dff183c2f490bd3349f1666427eaba4469fba0ac38dfd0d34
  languageName: node
  linkType: hard

"platform@npm:^1.3.3":
  version: 1.3.6
  resolution: "platform@npm:1.3.6"
  checksum: 6f472a09c61d418c7e26c1c16d0bdc029549d512dbec6526216a1e59ec68100d07007d0097dcba69dddad883d6f2a83361b4bdfe0094a3d9a2af24158643d85e
  languageName: node
  linkType: hard

"restore-cursor@npm:^3.1.0":
  version: 3.1.0
  resolution: "restore-cursor@npm:3.1.0"
  dependencies:
    onetime: ^5.1.0
    signal-exit: ^3.0.2
  checksum: f877dd8741796b909f2a82454ec111afb84eb45890eb49ac947d87991379406b3b83ff9673a46012fca0d7844bb989f45cc5b788254cf1a39b6b5a9659de0630
  languageName: node
  linkType: hard

"signal-exit@npm:^3.0.2":
  version: 3.0.7
  resolution: "signal-exit@npm:3.0.7"
  checksum: a2f098f247adc367dffc27845853e9959b9e88b01cb301658cfe4194352d8d2bb32e18467c786a7fe15f1d44b233ea35633d076d5e737870b7139949d1ab6318
  languageName: node
  linkType: hard

"slice-ansi@npm:^4.0.0":
  version: 4.0.0
  resolution: "slice-ansi@npm:4.0.0"
  dependencies:
    ansi-styles: ^4.0.0
    astral-regex: ^2.0.0
    is-fullwidth-code-point: ^3.0.0
  checksum: 4a82d7f085b0e1b070e004941ada3c40d3818563ac44766cca4ceadd2080427d337554f9f99a13aaeb3b4a94d9964d9466c807b3d7b7541d1ec37ee32d308756
  languageName: node
  linkType: hard

"string-width@npm:^4.1.0":
  version: 4.2.3
  resolution: "string-width@npm:4.2.3"
  dependencies:
    emoji-regex: ^8.0.0
    is-fullwidth-code-point: ^3.0.0
    strip-ansi: ^6.0.1
  checksum: e52c10dc3fbfcd6c3a15f159f54a90024241d0f149cf8aed2982a2d801d2e64df0bf1dc351cf8e95c3319323f9f220c16e740b06faecd53e2462df1d2b5443fb
  languageName: node
  linkType: hard

"strip-ansi@npm:^6.0.0, strip-ansi@npm:^6.0.1":
  version: 6.0.1
  resolution: "strip-ansi@npm:6.0.1"
  dependencies:
    ansi-regex: ^5.0.1
  checksum: f3cd25890aef3ba6e1a74e20896c21a46f482e93df4a06567cebf2b57edabb15133f1f94e57434e0a958d61186087b1008e89c94875d019910a213181a14fc8c
  languageName: node
  linkType: hard

"type-fest@npm:^0.21.3":
  version: 0.21.3
  resolution: "type-fest@npm:0.21.3"
  checksum: e6b32a3b3877f04339bae01c193b273c62ba7bfc9e325b8703c4ee1b32dc8fe4ef5dfa54bf78265e069f7667d058e360ae0f37be5af9f153b22382cd55a9afe0
  languageName: node
  linkType: hard

"universalify@npm:^2.0.0":
  version: 2.0.0
  resolution: "universalify@npm:2.0.0"
  checksum: 2406a4edf4a8830aa6813278bab1f953a8e40f2f63a37873ffa9a3bc8f9745d06cc8e88f3572cb899b7e509013f7f6fcc3e37e8a6d914167a5381d8440518c44
  languageName: node
  linkType: hard

"v4@workspace:tests/search/js/v4":
  version: 0.0.0-use.local
  resolution: "v4@workspace:tests/search/js/v4"
  dependencies:
    algoliasearch: 4.14.2
  languageName: unknown
  linkType: soft

"v5@workspace:tests/search/js/v5":
  version: 0.0.0-use.local
  resolution: "v5@workspace:tests/search/js/v5"
  dependencies:
    algoliasearch: 5.0.0-alpha.11
  languageName: unknown
  linkType: soft

"wrap-ansi@npm:^6.2.0":
  version: 6.2.0
  resolution: "wrap-ansi@npm:6.2.0"
  dependencies:
    ansi-styles: ^4.0.0
    string-width: ^4.1.0
    strip-ansi: ^6.0.0
  checksum: 6cd96a410161ff617b63581a08376f0cb9162375adeb7956e10c8cd397821f7eb2a6de24eb22a0b28401300bf228c86e50617cd568209b5f6775b93c97d2fe3a
  languageName: node
  linkType: hard
