# This file is generated by running "yarn install" inside your project.
# Manual changes might be lost - proceed with caution!

__metadata:
  version: 8
  cacheKey: 10

"@algolia/client-abtesting@link:../../clients/algoliasearch-client-javascript/packages/client-abtesting::locator=javascript-snippets%40workspace%3A.":
  version: 0.0.0-use.local
  resolution: "@algolia/client-abtesting@link:../../clients/algoliasearch-client-javascript/packages/client-abtesting::locator=javascript-snippets%40workspace%3A."
  languageName: node
  linkType: soft

"@algolia/client-analytics@link:../../clients/algoliasearch-client-javascript/packages/client-analytics::locator=javascript-snippets%40workspace%3A.":
  version: 0.0.0-use.local
  resolution: "@algolia/client-analytics@link:../../clients/algoliasearch-client-javascript/packages/client-analytics::locator=javascript-snippets%40workspace%3A."
  languageName: node
  linkType: soft

"@algolia/client-common@link:../../clients/algoliasearch-client-javascript/packages/client-common::locator=javascript-snippets%40workspace%3A.":
  version: 0.0.0-use.local
  resolution: "@algolia/client-common@link:../../clients/algoliasearch-client-javascript/packages/client-common::locator=javascript-snippets%40workspace%3A."
  languageName: node
  linkType: soft

"@algolia/client-insights@link:../../clients/algoliasearch-client-javascript/packages/client-insights::locator=javascript-snippets%40workspace%3A.":
  version: 0.0.0-use.local
  resolution: "@algolia/client-insights@link:../../clients/algoliasearch-client-javascript/packages/client-insights::locator=javascript-snippets%40workspace%3A."
  languageName: node
  linkType: soft

"@algolia/client-personalization@link:../../clients/algoliasearch-client-javascript/packages/client-personalization::locator=javascript-snippets%40workspace%3A.":
  version: 0.0.0-use.local
  resolution: "@algolia/client-personalization@link:../../clients/algoliasearch-client-javascript/packages/client-personalization::locator=javascript-snippets%40workspace%3A."
  languageName: node
  linkType: soft

"@algolia/client-query-suggestions@link:../../clients/algoliasearch-client-javascript/packages/client-query-suggestions::locator=javascript-snippets%40workspace%3A.":
  version: 0.0.0-use.local
  resolution: "@algolia/client-query-suggestions@link:../../clients/algoliasearch-client-javascript/packages/client-query-suggestions::locator=javascript-snippets%40workspace%3A."
  languageName: node
  linkType: soft

"@algolia/client-search@link:../../clients/algoliasearch-client-javascript/packages/client-search::locator=javascript-snippets%40workspace%3A.":
  version: 0.0.0-use.local
  resolution: "@algolia/client-search@link:../../clients/algoliasearch-client-javascript/packages/client-search::locator=javascript-snippets%40workspace%3A."
  languageName: node
  linkType: soft

"@algolia/ingestion@link:../../clients/algoliasearch-client-javascript/packages/ingestion::locator=javascript-snippets%40workspace%3A.":
  version: 0.0.0-use.local
  resolution: "@algolia/ingestion@link:../../clients/algoliasearch-client-javascript/packages/ingestion::locator=javascript-snippets%40workspace%3A."
  languageName: node
  linkType: soft

"@algolia/monitoring@link:../../clients/algoliasearch-client-javascript/packages/monitoring::locator=javascript-snippets%40workspace%3A.":
  version: 0.0.0-use.local
  resolution: "@algolia/monitoring@link:../../clients/algoliasearch-client-javascript/packages/monitoring::locator=javascript-snippets%40workspace%3A."
  languageName: node
  linkType: soft

"@algolia/recommend@link:../../clients/algoliasearch-client-javascript/packages/recommend::locator=javascript-snippets%40workspace%3A.":
  version: 0.0.0-use.local
  resolution: "@algolia/recommend@link:../../clients/algoliasearch-client-javascript/packages/recommend::locator=javascript-snippets%40workspace%3A."
  languageName: node
  linkType: soft

"@algolia/requester-node-http@link:../../clients/algoliasearch-client-javascript/packages/requester-node-http::locator=javascript-snippets%40workspace%3A.":
  version: 0.0.0-use.local
  resolution: "@algolia/requester-node-http@link:../../clients/algoliasearch-client-javascript/packages/requester-node-http::locator=javascript-snippets%40workspace%3A."
  languageName: node
  linkType: soft

"algoliasearch@link:../../clients/algoliasearch-client-javascript/packages/algoliasearch::locator=javascript-snippets%40workspace%3A.":
  version: 0.0.0-use.local
  resolution: "algoliasearch@link:../../clients/algoliasearch-client-javascript/packages/algoliasearch::locator=javascript-snippets%40workspace%3A."
  languageName: node
  linkType: soft

"javascript-snippets@workspace:.":
  version: 0.0.0-use.local
  resolution: "javascript-snippets@workspace:."
  dependencies:
    "@algolia/client-abtesting": "link:../../clients/algoliasearch-client-javascript/packages/client-abtesting"
    "@algolia/client-analytics": "link:../../clients/algoliasearch-client-javascript/packages/client-analytics"
    "@algolia/client-common": "link:../../clients/algoliasearch-client-javascript/packages/client-common"
    "@algolia/client-insights": "link:../../clients/algoliasearch-client-javascript/packages/client-insights"
    "@algolia/client-personalization": "link:../../clients/algoliasearch-client-javascript/packages/client-personalization"
    "@algolia/client-query-suggestions": "link:../../clients/algoliasearch-client-javascript/packages/client-query-suggestions"
    "@algolia/client-search": "link:../../clients/algoliasearch-client-javascript/packages/client-search"
    "@algolia/ingestion": "link:../../clients/algoliasearch-client-javascript/packages/ingestion"
    "@algolia/monitoring": "link:../../clients/algoliasearch-client-javascript/packages/monitoring"
    "@algolia/recommend": "link:../../clients/algoliasearch-client-javascript/packages/recommend"
    "@algolia/requester-node-http": "link:../../clients/algoliasearch-client-javascript/packages/requester-node-http"
    algoliasearch: "link:../../clients/algoliasearch-client-javascript/packages/algoliasearch"
  languageName: unknown
  linkType: soft
